PODS:
  - BRPickerView (2.8.0):
    - BRPickerView/AddressPickerView (= 2.8.0)
    - BRPickerView/Base (= 2.8.0)
    - BRPickerView/DatePickerView (= 2.8.0)
    - BRPickerView/StringPickerView (= 2.8.0)
  - BRPickerView/AddressPickerView (2.8.0):
    - BRPickerView/Base
  - BRPickerView/Base (2.8.0)
  - BRPickerView/DatePickerView (2.8.0):
    - BRPickerView/Base
  - BRPickerView/StringPickerView (2.8.0):
    - BRPickerView/Base
  - ClusterKit (0.5.0):
    - ClusterKit/Core (= 0.5.0)
  - ClusterKit/Core (0.5.0)
  - CTMediator (48)
  - CWLateralSlide (1.6.5)
  - DateTools (2.0.0)
  - DGCharts (5.1.0):
    - DGCharts/Core (= 5.1.0)
  - DGCharts/Core (5.1.0)
  - DZNEmptyDataSet (1.8.1)
  - FDFullscreenPopGesture (1.1)
  - FLAnimatedImage (1.0.17)
  - Flutter (1.0.0)
  - FlutterPluginRegistrant (0.0.1):
    - Flutter
  - FMDB (2.7.5):
    - FMDB/standard (= 2.7.5)
  - FMDB/standard (2.7.5)
  - FSCalendar (2.8.4)
  - HWPanModal (0.9.9)
  - IQKeyboardManager (6.5.10)
  - JSBadgeView (2.0.0)
  - Kingfisher (7.12.0)
  - LEEAlert (1.6.4)
  - LEETheme (1.2.1):
    - LEETheme/Privacy (= 1.2.1)
  - LEETheme/Privacy (1.2.1)
  - libwebp (1.3.2):
    - libwebp/demux (= 1.3.2)
    - libwebp/mux (= 1.3.2)
    - libwebp/sharpyuv (= 1.3.2)
    - libwebp/webp (= 1.3.2)
  - libwebp/demux (1.3.2):
    - libwebp/webp
  - libwebp/mux (1.3.2):
    - libwebp/demux
  - libwebp/sharpyuv (1.3.2)
  - libwebp/webp (1.3.2):
    - libwebp/sharpyuv
  - LookinServer (1.2.8):
    - LookinServer/Core (= 1.2.8)
  - LookinServer/Core (1.2.8)
  - Masonry (1.1.0)
  - MBProgressHUD (1.2.0)
  - QMUIKit (4.7.0):
    - QMUIKit/QMUIComponents (= 4.7.0)
    - QMUIKit/QMUICore (= 4.7.0)
    - QMUIKit/QMUILog (= 4.7.0)
    - QMUIKit/QMUIMainFrame (= 4.7.0)
    - QMUIKit/QMUIResources (= 4.7.0)
    - QMUIKit/QMUIWeakObjectContainer (= 4.7.0)
  - QMUIKit/QMUIComponents (4.7.0):
    - QMUIKit/QMUIComponents/NavigationBarTransition (= 4.7.0)
    - QMUIKit/QMUIComponents/QMUIAlertController (= 4.7.0)
    - QMUIKit/QMUIComponents/QMUIAnimation (= 4.7.0)
    - QMUIKit/QMUIComponents/QMUIAppearance (= 4.7.0)
    - QMUIKit/QMUIComponents/QMUIAssetLibrary (= 4.7.0)
    - QMUIKit/QMUIComponents/QMUIBadge (= 4.7.0)
    - QMUIKit/QMUIComponents/QMUIButton (= 4.7.0)
    - QMUIKit/QMUIComponents/QMUICAAnimationExtension (= 4.7.0)
    - QMUIKit/QMUIComponents/QMUICALayerExtension (= 4.7.0)
    - QMUIKit/QMUIComponents/QMUICellHeightCache (= 4.7.0)
    - QMUIKit/QMUIComponents/QMUICellHeightKeyCache (= 4.7.0)
    - QMUIKit/QMUIComponents/QMUICellSizeKeyCache (= 4.7.0)
    - QMUIKit/QMUIComponents/QMUICollectionViewPagingLayout (= 4.7.0)
    - QMUIKit/QMUIComponents/QMUIConsole (= 4.7.0)
    - QMUIKit/QMUIComponents/QMUIDialogViewController (= 4.7.0)
    - QMUIKit/QMUIComponents/QMUIEmotionInputManager (= 4.7.0)
    - QMUIKit/QMUIComponents/QMUIEmotionView (= 4.7.0)
    - QMUIKit/QMUIComponents/QMUIEmptyView (= 4.7.0)
    - QMUIKit/QMUIComponents/QMUIFloatLayoutView (= 4.7.0)
    - QMUIKit/QMUIComponents/QMUIGridView (= 4.7.0)
    - QMUIKit/QMUIComponents/QMUIImagePickerLibrary (= 4.7.0)
    - QMUIKit/QMUIComponents/QMUIImagePreviewView (= 4.7.0)
    - QMUIKit/QMUIComponents/QMUIKeyboardManager (= 4.7.0)
    - QMUIKit/QMUIComponents/QMUILabel (= 4.7.0)
    - QMUIKit/QMUIComponents/QMUILogManagerViewController (= 4.7.0)
    - QMUIKit/QMUIComponents/QMUILogWithConfigurationSupported (= 4.7.0)
    - QMUIKit/QMUIComponents/QMUIMarqueeLabel (= 4.7.0)
    - QMUIKit/QMUIComponents/QMUIModalPresentationViewController (= 4.7.0)
    - QMUIKit/QMUIComponents/QMUIMoreOperationController (= 4.7.0)
    - QMUIKit/QMUIComponents/QMUIMultipleDelegates (= 4.7.0)
    - QMUIKit/QMUIComponents/QMUINavigationButton (= 4.7.0)
    - QMUIKit/QMUIComponents/QMUINavigationTitleView (= 4.7.0)
    - QMUIKit/QMUIComponents/QMUIOrderedDictionary (= 4.7.0)
    - QMUIKit/QMUIComponents/QMUIPieProgressView (= 4.7.0)
    - QMUIKit/QMUIComponents/QMUIPopupContainerView (= 4.7.0)
    - QMUIKit/QMUIComponents/QMUIPopupMenuView (= 4.7.0)
    - QMUIKit/QMUIComponents/QMUIScrollAnimator (= 4.7.0)
    - QMUIKit/QMUIComponents/QMUISearchBar (= 4.7.0)
    - QMUIKit/QMUIComponents/QMUISearchController (= 4.7.0)
    - QMUIKit/QMUIComponents/QMUISegmentedControl (= 4.7.0)
    - QMUIKit/QMUIComponents/QMUIStaticTableView (= 4.7.0)
    - QMUIKit/QMUIComponents/QMUITableView (= 4.7.0)
    - QMUIKit/QMUIComponents/QMUITableViewCell (= 4.7.0)
    - QMUIKit/QMUIComponents/QMUITableViewHeaderFooterView (= 4.7.0)
    - QMUIKit/QMUIComponents/QMUITableViewProtocols (= 4.7.0)
    - QMUIKit/QMUIComponents/QMUITestView (= 4.7.0)
    - QMUIKit/QMUIComponents/QMUITextField (= 4.7.0)
    - QMUIKit/QMUIComponents/QMUITextView (= 4.7.0)
    - QMUIKit/QMUIComponents/QMUITheme (= 4.7.0)
    - QMUIKit/QMUIComponents/QMUITips (= 4.7.0)
    - QMUIKit/QMUIComponents/QMUIToastView (= 4.7.0)
    - QMUIKit/QMUIComponents/QMUIToolbarButton (= 4.7.0)
    - QMUIKit/QMUIComponents/QMUIWindowSizeMonitor (= 4.7.0)
    - QMUIKit/QMUIComponents/QMUIZoomImageView (= 4.7.0)
    - QMUIKit/QMUICore
  - QMUIKit/QMUIComponents/NavigationBarTransition (4.7.0):
    - QMUIKit/QMUIComponents/QMUINavigationTitleView
    - QMUIKit/QMUICore
    - QMUIKit/QMUIMainFrame
  - QMUIKit/QMUIComponents/QMUIAlertController (4.7.0):
    - QMUIKit/QMUIComponents/QMUIAppearance
    - QMUIKit/QMUIComponents/QMUIButton
    - QMUIKit/QMUIComponents/QMUIKeyboardManager
    - QMUIKit/QMUIComponents/QMUILabel
    - QMUIKit/QMUIComponents/QMUIModalPresentationViewController
    - QMUIKit/QMUIComponents/QMUITextField
    - QMUIKit/QMUICore
  - QMUIKit/QMUIComponents/QMUIAnimation (4.7.0):
    - QMUIKit/QMUICore
  - QMUIKit/QMUIComponents/QMUIAppearance (4.7.0):
    - QMUIKit/QMUICore
  - QMUIKit/QMUIComponents/QMUIAssetLibrary (4.7.0):
    - QMUIKit/QMUICore
  - QMUIKit/QMUIComponents/QMUIBadge (4.7.0):
    - QMUIKit/QMUIComponents/QMUILabel
    - QMUIKit/QMUICore
  - QMUIKit/QMUIComponents/QMUIButton (4.7.0):
    - QMUIKit/QMUICore
  - QMUIKit/QMUIComponents/QMUICAAnimationExtension (4.7.0):
    - QMUIKit/QMUIComponents/QMUIMultipleDelegates
    - QMUIKit/QMUICore
  - QMUIKit/QMUIComponents/QMUICALayerExtension (4.7.0):
    - QMUIKit/QMUIComponents/QMUIMultipleDelegates
    - QMUIKit/QMUICore
  - QMUIKit/QMUIComponents/QMUICellHeightCache (4.7.0):
    - QMUIKit/QMUIComponents/QMUITableViewProtocols
    - QMUIKit/QMUICore
  - QMUIKit/QMUIComponents/QMUICellHeightKeyCache (4.7.0):
    - QMUIKit/QMUIComponents/QMUIMultipleDelegates
    - QMUIKit/QMUIComponents/QMUITableViewProtocols
    - QMUIKit/QMUICore
  - QMUIKit/QMUIComponents/QMUICellSizeKeyCache (4.7.0):
    - QMUIKit/QMUIComponents/QMUIMultipleDelegates
    - QMUIKit/QMUICore
  - QMUIKit/QMUIComponents/QMUICollectionViewPagingLayout (4.7.0):
    - QMUIKit/QMUICore
  - QMUIKit/QMUIComponents/QMUIConsole (4.7.0):
    - QMUIKit/QMUIComponents/QMUIButton
    - QMUIKit/QMUIComponents/QMUICAAnimationExtension
    - QMUIKit/QMUIComponents/QMUICellHeightKeyCache
    - QMUIKit/QMUIComponents/QMUIPopupMenuView
    - QMUIKit/QMUIComponents/QMUITableView
    - QMUIKit/QMUIComponents/QMUITableViewCell
    - QMUIKit/QMUIComponents/QMUITextField
    - QMUIKit/QMUIComponents/QMUITextView
    - QMUIKit/QMUICore
    - QMUIKit/QMUIResources
  - QMUIKit/QMUIComponents/QMUIDialogViewController (4.7.0):
    - QMUIKit/QMUIComponents/QMUIAppearance
    - QMUIKit/QMUIComponents/QMUIButton
    - QMUIKit/QMUIComponents/QMUILabel
    - QMUIKit/QMUIComponents/QMUIModalPresentationViewController
    - QMUIKit/QMUIComponents/QMUINavigationTitleView
    - QMUIKit/QMUIComponents/QMUITableView
    - QMUIKit/QMUIComponents/QMUITableViewCell
    - QMUIKit/QMUIComponents/QMUITextField
    - QMUIKit/QMUICore
    - QMUIKit/QMUIMainFrame
  - QMUIKit/QMUIComponents/QMUIEmotionInputManager (4.7.0):
    - QMUIKit/QMUIComponents/QMUIEmotionView
    - QMUIKit/QMUICore
  - QMUIKit/QMUIComponents/QMUIEmotionView (4.7.0):
    - QMUIKit/QMUIComponents/QMUIButton
    - QMUIKit/QMUICore
    - QMUIKit/QMUIResources
  - QMUIKit/QMUIComponents/QMUIEmptyView (4.7.0):
    - QMUIKit/QMUIComponents/QMUIAppearance
    - QMUIKit/QMUIComponents/QMUIButton
    - QMUIKit/QMUICore
  - QMUIKit/QMUIComponents/QMUIFloatLayoutView (4.7.0):
    - QMUIKit/QMUICore
  - QMUIKit/QMUIComponents/QMUIGridView (4.7.0):
    - QMUIKit/QMUICore
  - QMUIKit/QMUIComponents/QMUIImagePickerLibrary (4.7.0):
    - QMUIKit/QMUIComponents/QMUIAlertController
    - QMUIKit/QMUIComponents/QMUIAppearance
    - QMUIKit/QMUIComponents/QMUIAssetLibrary
    - QMUIKit/QMUIComponents/QMUIButton
    - QMUIKit/QMUIComponents/QMUIEmptyView
    - QMUIKit/QMUIComponents/QMUIImagePreviewView
    - QMUIKit/QMUIComponents/QMUINavigationButton
    - QMUIKit/QMUIComponents/QMUITableViewCell
    - QMUIKit/QMUIComponents/QMUIZoomImageView
    - QMUIKit/QMUICore
    - QMUIKit/QMUIMainFrame
    - QMUIKit/QMUIResources
  - QMUIKit/QMUIComponents/QMUIImagePreviewView (4.7.0):
    - QMUIKit/QMUIComponents/QMUIAppearance
    - QMUIKit/QMUIComponents/QMUIButton
    - QMUIKit/QMUIComponents/QMUICollectionViewPagingLayout
    - QMUIKit/QMUIComponents/QMUIEmptyView
    - QMUIKit/QMUIComponents/QMUIPieProgressView
    - QMUIKit/QMUIComponents/QMUIZoomImageView
    - QMUIKit/QMUICore
    - QMUIKit/QMUIMainFrame
  - QMUIKit/QMUIComponents/QMUIKeyboardManager (4.7.0):
    - QMUIKit/QMUIComponents/QMUIAppearance
    - QMUIKit/QMUIComponents/QMUIMultipleDelegates
    - QMUIKit/QMUICore
  - QMUIKit/QMUIComponents/QMUILabel (4.7.0):
    - QMUIKit/QMUICore
  - QMUIKit/QMUIComponents/QMUILogManagerViewController (4.7.0):
    - QMUIKit/QMUIComponents/QMUIPopupMenuView
    - QMUIKit/QMUIComponents/QMUISearchController
    - QMUIKit/QMUIComponents/QMUIStaticTableView
    - QMUIKit/QMUIComponents/QMUITableView
    - QMUIKit/QMUICore
    - QMUIKit/QMUIMainFrame
  - QMUIKit/QMUIComponents/QMUILogWithConfigurationSupported (4.7.0):
    - QMUIKit/QMUICore
  - QMUIKit/QMUIComponents/QMUIMarqueeLabel (4.7.0):
    - QMUIKit/QMUICore
  - QMUIKit/QMUIComponents/QMUIModalPresentationViewController (4.7.0):
    - QMUIKit/QMUIComponents/QMUIAppearance
    - QMUIKit/QMUIComponents/QMUIKeyboardManager
    - QMUIKit/QMUICore
  - QMUIKit/QMUIComponents/QMUIMoreOperationController (4.7.0):
    - QMUIKit/QMUIComponents/QMUIAppearance
    - QMUIKit/QMUIComponents/QMUIButton
    - QMUIKit/QMUIComponents/QMUIModalPresentationViewController
    - QMUIKit/QMUICore
  - QMUIKit/QMUIComponents/QMUIMultipleDelegates (4.7.0):
    - QMUIKit/QMUICore
  - QMUIKit/QMUIComponents/QMUINavigationButton (4.7.0):
    - QMUIKit/QMUICore
    - QMUIKit/QMUIMainFrame
  - QMUIKit/QMUIComponents/QMUINavigationTitleView (4.7.0):
    - QMUIKit/QMUIComponents/QMUIAppearance
    - QMUIKit/QMUIComponents/QMUIButton
    - QMUIKit/QMUICore
  - QMUIKit/QMUIComponents/QMUIOrderedDictionary (4.7.0):
    - QMUIKit/QMUICore
  - QMUIKit/QMUIComponents/QMUIPieProgressView (4.7.0):
    - QMUIKit/QMUICore
  - QMUIKit/QMUIComponents/QMUIPopupContainerView (4.7.0):
    - QMUIKit/QMUIComponents/QMUIAppearance
    - QMUIKit/QMUICore
    - QMUIKit/QMUIMainFrame
  - QMUIKit/QMUIComponents/QMUIPopupMenuView (4.7.0):
    - QMUIKit/QMUIComponents/QMUIButton
    - QMUIKit/QMUIComponents/QMUIPopupContainerView
    - QMUIKit/QMUICore
  - QMUIKit/QMUIComponents/QMUIScrollAnimator (4.7.0):
    - QMUIKit/QMUIComponents/QMUIMultipleDelegates
    - QMUIKit/QMUICore
  - QMUIKit/QMUIComponents/QMUISearchBar (4.7.0):
    - QMUIKit/QMUICore
  - QMUIKit/QMUIComponents/QMUISearchController (4.7.0):
    - QMUIKit/QMUIComponents/QMUIEmptyView
    - QMUIKit/QMUIComponents/QMUISearchBar
    - QMUIKit/QMUICore
    - QMUIKit/QMUIMainFrame
  - QMUIKit/QMUIComponents/QMUISegmentedControl (4.7.0):
    - QMUIKit/QMUICore
  - QMUIKit/QMUIComponents/QMUIStaticTableView (4.7.0):
    - QMUIKit/QMUIComponents/QMUIMultipleDelegates
    - QMUIKit/QMUIComponents/QMUITableViewCell
    - QMUIKit/QMUICore
  - QMUIKit/QMUIComponents/QMUITableView (4.7.0):
    - QMUIKit/QMUIComponents/QMUITableViewProtocols
    - QMUIKit/QMUICore
  - QMUIKit/QMUIComponents/QMUITableViewCell (4.7.0):
    - QMUIKit/QMUIComponents/QMUIButton
    - QMUIKit/QMUICore
  - QMUIKit/QMUIComponents/QMUITableViewHeaderFooterView (4.7.0):
    - QMUIKit/QMUICore
  - QMUIKit/QMUIComponents/QMUITableViewProtocols (4.7.0):
    - QMUIKit/QMUICore
  - QMUIKit/QMUIComponents/QMUITestView (4.7.0):
    - QMUIKit/QMUICore
  - QMUIKit/QMUIComponents/QMUITextField (4.7.0):
    - QMUIKit/QMUIComponents/QMUIMultipleDelegates
    - QMUIKit/QMUICore
  - QMUIKit/QMUIComponents/QMUITextView (4.7.0):
    - QMUIKit/QMUIComponents/QMUILabel
    - QMUIKit/QMUIComponents/QMUIMultipleDelegates
    - QMUIKit/QMUICore
  - QMUIKit/QMUIComponents/QMUITheme (4.7.0):
    - QMUIKit/QMUIComponents/QMUIAlertController
    - QMUIKit/QMUIComponents/QMUIBadge
    - QMUIKit/QMUIComponents/QMUIButton
    - QMUIKit/QMUIComponents/QMUIConsole
    - QMUIKit/QMUIComponents/QMUIEmotionView
    - QMUIKit/QMUIComponents/QMUIEmptyView
    - QMUIKit/QMUIComponents/QMUIGridView
    - QMUIKit/QMUIComponents/QMUIImagePickerLibrary
    - QMUIKit/QMUIComponents/QMUIImagePreviewView
    - QMUIKit/QMUIComponents/QMUILabel
    - QMUIKit/QMUIComponents/QMUIModalPresentationViewController
    - QMUIKit/QMUIComponents/QMUIPopupContainerView
    - QMUIKit/QMUIComponents/QMUIPopupMenuView
    - QMUIKit/QMUIComponents/QMUITextField
    - QMUIKit/QMUIComponents/QMUITextView
    - QMUIKit/QMUIComponents/QMUIToastView
    - QMUIKit/QMUICore
  - QMUIKit/QMUIComponents/QMUITips (4.7.0):
    - QMUIKit/QMUIComponents/QMUIToastView
    - QMUIKit/QMUICore
    - QMUIKit/QMUIResources
  - QMUIKit/QMUIComponents/QMUIToastView (4.7.0):
    - QMUIKit/QMUIComponents/QMUIKeyboardManager
    - QMUIKit/QMUICore
  - QMUIKit/QMUIComponents/QMUIToolbarButton (4.7.0):
    - QMUIKit/QMUICore
  - QMUIKit/QMUIComponents/QMUIWindowSizeMonitor (4.7.0):
    - QMUIKit/QMUICore
  - QMUIKit/QMUIComponents/QMUIZoomImageView (4.7.0):
    - QMUIKit/QMUIComponents/QMUIAssetLibrary
    - QMUIKit/QMUIComponents/QMUIButton
    - QMUIKit/QMUIComponents/QMUIEmptyView
    - QMUIKit/QMUIComponents/QMUIPieProgressView
    - QMUIKit/QMUICore
    - QMUIKit/QMUIResources
  - QMUIKit/QMUICore (4.7.0):
    - QMUIKit/QMUILog
    - QMUIKit/QMUIWeakObjectContainer
  - QMUIKit/QMUILog (4.7.0)
  - QMUIKit/QMUIMainFrame (4.7.0):
    - QMUIKit/QMUIComponents/QMUIEmptyView
    - QMUIKit/QMUIComponents/QMUIKeyboardManager
    - QMUIKit/QMUIComponents/QMUIMultipleDelegates
    - QMUIKit/QMUIComponents/QMUINavigationTitleView
    - QMUIKit/QMUIComponents/QMUITableView
    - QMUIKit/QMUIComponents/QMUITableViewHeaderFooterView
    - QMUIKit/QMUICore
    - QMUIKit/QMUILog
  - QMUIKit/QMUIResources (4.7.0)
  - QMUIKit/QMUIWeakObjectContainer (4.7.0)
  - ReactiveCocoa (10.3.0):
    - ReactiveSwift (~> 6.2)
  - ReactiveObjC (3.1.1)
  - ReactiveSwift (6.7.0)
  - SDWebImage (5.14.2):
    - SDWebImage/Core (= 5.14.2)
  - SDWebImage/Core (5.14.2)
  - SnapKit (5.7.1)
  - SVProgressHUD (2.3.1):
    - SVProgressHUD/Core (= 2.3.1)
  - SVProgressHUD/Core (2.3.1)
  - SwiftLinkPreview (3.4.0)
  - Toast (4.1.1)
  - TYPagerController (2.1.2)
  - TZImagePickerController (3.8.3):
    - TZImagePickerController/Basic (= 3.8.3)
    - TZImagePickerController/Location (= 3.8.3)
  - TZImagePickerController/Basic (3.8.3)
  - TZImagePickerController/Location (3.8.3)
  - WCDB.swift (2.1.6):
    - WCDBOptimizedSQLCipher (= 1.4.4)
  - WCDBOptimizedSQLCipher (1.4.4)
  - WKWebViewJavascriptBridge (1.2.2)
  - YBImageBrowser (3.0.9):
    - YBImageBrowser/Core (= 3.0.9)
  - YBImageBrowser/Core (3.0.9):
    - SDWebImage (>= 5.0.0)
    - YYImage
  - YYImage (1.0.4):
    - YYImage/Core (= 1.0.4)
  - YYImage/Core (1.0.4)
  - YYKit (1.0.9):
    - libwebp
    - YYKit/no-arc (= 1.0.9)
  - YYKit/no-arc (1.0.9):
    - libwebp
  - ZFPlayer (4.1.4):
    - ZFPlayer/Core (= 4.1.4)
  - ZFPlayer/Core (4.1.4)

DEPENDENCIES:
  - BRPickerView
  - ClusterKit
  - CTMediator
  - CWLateralSlide
  - DateTools
  - DGCharts
  - DZNEmptyDataSet
  - FDFullscreenPopGesture
  - FLAnimatedImage
  - Flutter (from `../mm_flutter/.ios/Flutter`)
  - FlutterPluginRegistrant (from `../mm_flutter/.ios/Flutter/FlutterPluginRegistrant`)
  - FMDB
  - FSCalendar
  - HWPanModal (~> 0.9.9)
  - IQKeyboardManager
  - JSBadgeView
  - Kingfisher
  - LEEAlert
  - LEETheme
  - LookinServer
  - Masonry
  - MBProgressHUD (~> 1.2.0)
  - QMUIKit
  - ReactiveCocoa
  - ReactiveCocoa (~> 10.1)
  - ReactiveObjC
  - SDWebImage
  - SnapKit (~> 5.7.0)
  - SVProgressHUD
  - SwiftLinkPreview
  - Toast
  - TOCropViewController
  - TYPagerController
  - TZImagePickerController
  - WCDB.swift
  - WKWebViewJavascriptBridge
  - YBImageBrowser
  - YYKit (from `https://github.com/SAGESSE-CN/YYKit.git`)
  - ZFPlayer

SPEC REPOS:
  trunk:
    - BRPickerView
    - ClusterKit
    - CTMediator
    - CWLateralSlide
    - DateTools
    - DGCharts
    - DZNEmptyDataSet
    - FDFullscreenPopGesture
    - FLAnimatedImage
    - FMDB
    - FSCalendar
    - HWPanModal
    - IQKeyboardManager
    - JSBadgeView
    - Kingfisher
    - LEEAlert
    - LEETheme
    - libwebp
    - LookinServer
    - Masonry
    - MBProgressHUD
    - QMUIKit
    - ReactiveCocoa
    - ReactiveObjC
    - ReactiveSwift
    - SDWebImage
    - SnapKit
    - SVProgressHUD
    - SwiftLinkPreview
    - Toast
    - TOCropViewController
    - TYPagerController
    - TZImagePickerController
    - WCDB.swift
    - WCDBOptimizedSQLCipher
    - WKWebViewJavascriptBridge
    - YBImageBrowser
    - YYImage
    - ZFPlayer

EXTERNAL SOURCES:
  Flutter:
    :path: "../mm_flutter/.ios/Flutter"
  FlutterPluginRegistrant:
    :path: "../mm_flutter/.ios/Flutter/FlutterPluginRegistrant"
  YYKit:
    :git: https://github.com/SAGESSE-CN/YYKit.git

CHECKOUT OPTIONS:
  YYKit:
    :commit: 903d9e3c5a20089f152918fe8611fcafd52c2ad1
    :git: https://github.com/SAGESSE-CN/YYKit.git

SPEC CHECKSUMS:
  BRPickerView: a0ff460bf092bc069db5a54153395b1f7e8f5300
  ClusterKit: 6d4b2fdfdd2a74a386fd67dd60a29a69851745e0
  CTMediator: 3f3578b525b3a46a7a2f92a99922ec40363f4269
  CWLateralSlide: 8939c8dea91a24e40d0793553118cb57cd67f64b
  DateTools: 933ac9c490f21f92127cf690ccd8c397e0126caf
  DGCharts: 1c6daf585b6cfc78807af44ea690d357c410627f
  DZNEmptyDataSet: 9525833b9e68ac21c30253e1d3d7076cc828eaa7
  FDFullscreenPopGesture: a8a620179e3d9c40e8e00256dcee1c1a27c6d0f0
  FLAnimatedImage: bbf914596368867157cc71b38a8ec834b3eeb32b
  Flutter: e0871f40cf51350855a761d2e70bf5af5b9b5de7
  FlutterPluginRegistrant: 0b732256b4829f9783c18c68e2f9adacc1536955
  FMDB: 2ce00b547f966261cd18927a3ddb07cb6f3db82a
  FSCalendar: 2d1d0d9398f12d439f55c1fe0f01525b151b8260
  HWPanModal: b57a6717d3cdcd666bff44f9dd2a5be9f4d6f5d2
  IQKeyboardManager: 45a1fa55c1a5b02c61ac0fd7fd5b62bb4ad20d97
  JSBadgeView: 3f5691b7d1bfacfb0237d0eb3b8b1f9a10ecb3f7
  Kingfisher: 53a10ea35051a436b5fb626ca2dd8f3144d755e9
  LEEAlert: a604ad481e3e9b021421a271f78594926dd034bb
  LEETheme: 7fba73f7eceb4b47ef2e2813d90d8b7051fac166
  libwebp: 1786c9f4ff8a279e4dac1e8f385004d5fc253009
  LookinServer: 1b2b61c6402ae29fa22182d48f5cd067b4e99e80
  Masonry: 678fab65091a9290e40e2832a55e7ab731aad201
  MBProgressHUD: 3ee5efcc380f6a79a7cc9b363dd669c5e1ae7406
  QMUIKit: 2fc09ba9a31a44a4081916ed4c41467bac798821
  ReactiveCocoa: 083ae559e6f588ce519cab412ea119b431c26a24
  ReactiveObjC: 011caa393aa0383245f2dcf9bf02e86b80b36040
  ReactiveSwift: 208201d6ecc9734196d147aa76bc1f24b1b821fe
  SDWebImage: b9a731e1d6307f44ca703b3976d18c24ca561e84
  SnapKit: d612e99e678a2d3b95bf60b0705ed0a35c03484a
  SVProgressHUD: 4837c74bdfe2e51e8821c397825996a8d7de6e22
  SwiftLinkPreview: c1bc5b2cb3cd42f2865137c1a61f5d788dcf5c9c
  Toast: 1f5ea13423a1e6674c4abdac5be53587ae481c4e
  TOCropViewController: 80b8985ad794298fb69d3341de183f33d1853654
  TYPagerController: 262556ecef99986d26ed77fb1288a198ed42f4af
  TZImagePickerController: e9909edbadf7381140efc5b5c9f5bdbfd630f7d4
  WCDB.swift: 275f39a899bdc231065e5d90f252b361b08310d4
  WCDBOptimizedSQLCipher: 7f03bb7c94ad164996f0fa87d0f76026f5ab0f92
  WKWebViewJavascriptBridge: d7324badf8996486c71648f448617b09bf927b4b
  YBImageBrowser: 7ecc8bf33ffa5f3b94c397c29b4f3638dd37f527
  YYImage: 1e1b62a9997399593e4b9c4ecfbbabbf1d3f3b54
  YYKit: 9ac092a14e3d5af709b707479bdb76b96a62fb41
  ZFPlayer: 5cf39e8d9f0c2394a014b0db4767b5b5a6bffe13

PODFILE CHECKSUM: 80a7ef11f9d8642dcd509ec49c49758305edef63

COCOAPODS: 1.10.2
