// !$*UTF8*$!
{
	archiveVersion = 1;
	classes = {
	};
	objectVersion = 55;
	objects = {

/* Begin PBXBuildFile section */
		3703DF912B2AF59A403BEC09 /* Pods_mm.framework in Frameworks */ = {isa = PBXBuildFile; fileRef = 214CCAD6167BEC2568074A94 /* Pods_mm.framework */; };
		7520D44E2B835B5000C1DAFF /* ZMMScoreVC.swift in Sources */ = {isa = PBXBuildFile; fileRef = 7520D44C2B835B5000C1DAFF /* ZMMScoreVC.swift */; };
		7520D44F2B835B5000C1DAFF /* ZMMScoreVC.xib in Resources */ = {isa = PBXBuildFile; fileRef = 7520D44D2B835B5000C1DAFF /* ZMMScoreVC.xib */; };
		7520D4682B835BAD00C1DAFF /* ZMMVideoViewController.swift in Sources */ = {isa = PBXBuildFile; fileRef = 7520D4512B835BAD00C1DAFF /* ZMMVideoViewController.swift */; };
		7520D4692B835BAD00C1DAFF /* ZMMVideoViewController.xib in Resources */ = {isa = PBXBuildFile; fileRef = 7520D4522B835BAD00C1DAFF /* ZMMVideoViewController.xib */; };
		7520D46A2B835BAD00C1DAFF /* ZMMTabBarController.m in Sources */ = {isa = PBXBuildFile; fileRef = 7520D4552B835BAD00C1DAFF /* ZMMTabBarController.m */; };
		7520D46B2B835BAD00C1DAFF /* SceneDelegate.m in Sources */ = {isa = PBXBuildFile; fileRef = 7520D4572B835BAD00C1DAFF /* SceneDelegate.m */; };
		7520D46C2B835BAD00C1DAFF /* AppDelegate.m in Sources */ = {isa = PBXBuildFile; fileRef = 7520D4582B835BAD00C1DAFF /* AppDelegate.m */; };
		7520D46D2B835BAD00C1DAFF /* ZMMAudioContentVC.xib in Resources */ = {isa = PBXBuildFile; fileRef = 7520D45C2B835BAD00C1DAFF /* ZMMAudioContentVC.xib */; };
		7520D46E2B835BAD00C1DAFF /* ZMMAudioViewController.m in Sources */ = {isa = PBXBuildFile; fileRef = 7520D45D2B835BAD00C1DAFF /* ZMMAudioViewController.m */; };
		7520D46F2B835BAD00C1DAFF /* ZMMAudioViewController.xib in Resources */ = {isa = PBXBuildFile; fileRef = 7520D45F2B835BAD00C1DAFF /* ZMMAudioViewController.xib */; };
		7520D4702B835BAD00C1DAFF /* ZMMAudioContentVC.m in Sources */ = {isa = PBXBuildFile; fileRef = 7520D4602B835BAD00C1DAFF /* ZMMAudioContentVC.m */; };
		7520D4712B835BAD00C1DAFF /* ZMMReaderVC.xib in Resources */ = {isa = PBXBuildFile; fileRef = 7520D4632B835BAD00C1DAFF /* ZMMReaderVC.xib */; };
		7520D4722B835BAD00C1DAFF /* ZMMReaderVC.swift in Sources */ = {isa = PBXBuildFile; fileRef = 7520D4642B835BAD00C1DAFF /* ZMMReaderVC.swift */; };
		7520D4732B835BAD00C1DAFF /* ZMMPhotoViewController.swift in Sources */ = {isa = PBXBuildFile; fileRef = 7520D4662B835BAD00C1DAFF /* ZMMPhotoViewController.swift */; };
		7520D4742B835BAD00C1DAFF /* ZMMPhotoViewController.xib in Resources */ = {isa = PBXBuildFile; fileRef = 7520D4672B835BAD00C1DAFF /* ZMMPhotoViewController.xib */; };
		7520D4782B863BFE00C1DAFF /* ZMMLoginMainVC.swift in Sources */ = {isa = PBXBuildFile; fileRef = 7520D4762B863BFE00C1DAFF /* ZMMLoginMainVC.swift */; };
		7520D4792B863BFE00C1DAFF /* ZMMLoginMainVC.xib in Resources */ = {isa = PBXBuildFile; fileRef = 7520D4772B863BFE00C1DAFF /* ZMMLoginMainVC.xib */; };
		7520D47E2B863C4400C1DAFF /* ZMMSignInVC.swift in Sources */ = {isa = PBXBuildFile; fileRef = 7520D47C2B863C4400C1DAFF /* ZMMSignInVC.swift */; };
		7520D47F2B863C4400C1DAFF /* ZMMSignInVC.xib in Resources */ = {isa = PBXBuildFile; fileRef = 7520D47D2B863C4400C1DAFF /* ZMMSignInVC.xib */; };
		7520D4822B863C5700C1DAFF /* ZMMSignUpVC.swift in Sources */ = {isa = PBXBuildFile; fileRef = 7520D4802B863C5700C1DAFF /* ZMMSignUpVC.swift */; };
		7520D4832B863C5700C1DAFF /* ZMMSignUpVC.xib in Resources */ = {isa = PBXBuildFile; fileRef = 7520D4812B863C5700C1DAFF /* ZMMSignUpVC.xib */; };
		7C8439FD28B5FF610086861A /* ZMMTextField.m in Sources */ = {isa = PBXBuildFile; fileRef = 7C8439FC28B5FF610086861A /* ZMMTextField.m */; };
		B7F62E1A590185567E6D04C0 /* Pods_mm_mmUITests.framework in Frameworks */ = {isa = PBXBuildFile; fileRef = 83987029DAF87542A7D17EA4 /* Pods_mm_mmUITests.framework */; };
		D3BCE0E8AEE610888FF8D93C /* Pods_mmTests.framework in Frameworks */ = {isa = PBXBuildFile; fileRef = 0B2BB92D8DB9B28F4923F8A5 /* Pods_mmTests.framework */; };
		D7392F21282AA23200E5B148 /* Main.storyboard in Resources */ = {isa = PBXBuildFile; fileRef = D7392F1F282AA23200E5B148 /* Main.storyboard */; };
		D7392F23282AA23700E5B148 /* Assets.xcassets in Resources */ = {isa = PBXBuildFile; fileRef = D7392F22282AA23700E5B148 /* Assets.xcassets */; };
		D7392F26282AA23700E5B148 /* LaunchScreen.storyboard in Resources */ = {isa = PBXBuildFile; fileRef = D7392F24282AA23700E5B148 /* LaunchScreen.storyboard */; };
		D7392F29282AA23700E5B148 /* main.m in Sources */ = {isa = PBXBuildFile; fileRef = D7392F28282AA23700E5B148 /* main.m */; };
		D7392F33282AA23700E5B148 /* mmTests.m in Sources */ = {isa = PBXBuildFile; fileRef = D7392F32282AA23700E5B148 /* mmTests.m */; };
		D7392F3D282AA23700E5B148 /* mmUITests.m in Sources */ = {isa = PBXBuildFile; fileRef = D7392F3C282AA23700E5B148 /* mmUITests.m */; };
		D7392F3F282AA23700E5B148 /* mmUITestsLaunchTests.m in Sources */ = {isa = PBXBuildFile; fileRef = D7392F3E282AA23700E5B148 /* mmUITestsLaunchTests.m */; };
/* End PBXBuildFile section */

/* Begin PBXContainerItemProxy section */
		D7392F2F282AA23700E5B148 /* PBXContainerItemProxy */ = {
			isa = PBXContainerItemProxy;
			containerPortal = D7392F0B282AA23200E5B148 /* Project object */;
			proxyType = 1;
			remoteGlobalIDString = D7392F12282AA23200E5B148;
			remoteInfo = mm;
		};
		D7392F39282AA23700E5B148 /* PBXContainerItemProxy */ = {
			isa = PBXContainerItemProxy;
			containerPortal = D7392F0B282AA23200E5B148 /* Project object */;
			proxyType = 1;
			remoteGlobalIDString = D7392F12282AA23200E5B148;
			remoteInfo = mm;
		};
/* End PBXContainerItemProxy section */

/* Begin PBXFileReference section */
		045C73DD2B8D762F00357EAB /* mm-Bridging-Header.h */ = {isa = PBXFileReference; fileEncoding = 4; lastKnownFileType = sourcecode.c.h; path = "mm-Bridging-Header.h"; sourceTree = "<group>"; };
		0B2BB92D8DB9B28F4923F8A5 /* Pods_mmTests.framework */ = {isa = PBXFileReference; explicitFileType = wrapper.framework; includeInIndex = 0; path = Pods_mmTests.framework; sourceTree = BUILT_PRODUCTS_DIR; };
		1BBB91AEEB0251F707A52BA5 /* Pods-mm-mmUITests.release.xcconfig */ = {isa = PBXFileReference; includeInIndex = 1; lastKnownFileType = text.xcconfig; name = "Pods-mm-mmUITests.release.xcconfig"; path = "Target Support Files/Pods-mm-mmUITests/Pods-mm-mmUITests.release.xcconfig"; sourceTree = "<group>"; };
		214CCAD6167BEC2568074A94 /* Pods_mm.framework */ = {isa = PBXFileReference; explicitFileType = wrapper.framework; includeInIndex = 0; path = Pods_mm.framework; sourceTree = BUILT_PRODUCTS_DIR; };
		733222A2A59980B185A24B28 /* Pods-mm.debug.xcconfig */ = {isa = PBXFileReference; includeInIndex = 1; lastKnownFileType = text.xcconfig; name = "Pods-mm.debug.xcconfig"; path = "Target Support Files/Pods-mm/Pods-mm.debug.xcconfig"; sourceTree = "<group>"; };
		7520D44C2B835B5000C1DAFF /* ZMMScoreVC.swift */ = {isa = PBXFileReference; lastKnownFileType = sourcecode.swift; path = ZMMScoreVC.swift; sourceTree = "<group>"; };
		7520D44D2B835B5000C1DAFF /* ZMMScoreVC.xib */ = {isa = PBXFileReference; lastKnownFileType = file.xib; path = ZMMScoreVC.xib; sourceTree = "<group>"; };
		7520D4512B835BAD00C1DAFF /* ZMMVideoViewController.swift */ = {isa = PBXFileReference; fileEncoding = 4; lastKnownFileType = sourcecode.swift; path = ZMMVideoViewController.swift; sourceTree = "<group>"; };
		7520D4522B835BAD00C1DAFF /* ZMMVideoViewController.xib */ = {isa = PBXFileReference; fileEncoding = 4; lastKnownFileType = file.xib; path = ZMMVideoViewController.xib; sourceTree = "<group>"; };
		7520D4552B835BAD00C1DAFF /* ZMMTabBarController.m */ = {isa = PBXFileReference; fileEncoding = 4; lastKnownFileType = sourcecode.c.objc; path = ZMMTabBarController.m; sourceTree = "<group>"; };
		7520D4562B835BAD00C1DAFF /* AppDelegate.h */ = {isa = PBXFileReference; fileEncoding = 4; lastKnownFileType = sourcecode.c.h; path = AppDelegate.h; sourceTree = "<group>"; };
		7520D4572B835BAD00C1DAFF /* SceneDelegate.m */ = {isa = PBXFileReference; fileEncoding = 4; lastKnownFileType = sourcecode.c.objc; path = SceneDelegate.m; sourceTree = "<group>"; };
		7520D4582B835BAD00C1DAFF /* AppDelegate.m */ = {isa = PBXFileReference; fileEncoding = 4; lastKnownFileType = sourcecode.c.objc; path = AppDelegate.m; sourceTree = "<group>"; };
		7520D4592B835BAD00C1DAFF /* ZMMTabBarController.h */ = {isa = PBXFileReference; fileEncoding = 4; lastKnownFileType = sourcecode.c.h; path = ZMMTabBarController.h; sourceTree = "<group>"; };
		7520D45A2B835BAD00C1DAFF /* SceneDelegate.h */ = {isa = PBXFileReference; fileEncoding = 4; lastKnownFileType = sourcecode.c.h; path = SceneDelegate.h; sourceTree = "<group>"; };
		7520D45C2B835BAD00C1DAFF /* ZMMAudioContentVC.xib */ = {isa = PBXFileReference; fileEncoding = 4; lastKnownFileType = file.xib; path = ZMMAudioContentVC.xib; sourceTree = "<group>"; };
		7520D45D2B835BAD00C1DAFF /* ZMMAudioViewController.m */ = {isa = PBXFileReference; fileEncoding = 4; lastKnownFileType = sourcecode.c.objc; path = ZMMAudioViewController.m; sourceTree = "<group>"; };
		7520D45E2B835BAD00C1DAFF /* ZMMAudioContentVC.h */ = {isa = PBXFileReference; fileEncoding = 4; lastKnownFileType = sourcecode.c.h; path = ZMMAudioContentVC.h; sourceTree = "<group>"; };
		7520D45F2B835BAD00C1DAFF /* ZMMAudioViewController.xib */ = {isa = PBXFileReference; fileEncoding = 4; lastKnownFileType = file.xib; path = ZMMAudioViewController.xib; sourceTree = "<group>"; };
		7520D4602B835BAD00C1DAFF /* ZMMAudioContentVC.m */ = {isa = PBXFileReference; fileEncoding = 4; lastKnownFileType = sourcecode.c.objc; path = ZMMAudioContentVC.m; sourceTree = "<group>"; };
		7520D4612B835BAD00C1DAFF /* ZMMAudioViewController.h */ = {isa = PBXFileReference; fileEncoding = 4; lastKnownFileType = sourcecode.c.h; path = ZMMAudioViewController.h; sourceTree = "<group>"; };
		7520D4632B835BAD00C1DAFF /* ZMMReaderVC.xib */ = {isa = PBXFileReference; fileEncoding = 4; lastKnownFileType = file.xib; path = ZMMReaderVC.xib; sourceTree = "<group>"; };
		7520D4642B835BAD00C1DAFF /* ZMMReaderVC.swift */ = {isa = PBXFileReference; fileEncoding = 4; lastKnownFileType = sourcecode.swift; path = ZMMReaderVC.swift; sourceTree = "<group>"; };
		7520D4662B835BAD00C1DAFF /* ZMMPhotoViewController.swift */ = {isa = PBXFileReference; fileEncoding = 4; lastKnownFileType = sourcecode.swift; path = ZMMPhotoViewController.swift; sourceTree = "<group>"; };
		7520D4672B835BAD00C1DAFF /* ZMMPhotoViewController.xib */ = {isa = PBXFileReference; fileEncoding = 4; lastKnownFileType = file.xib; path = ZMMPhotoViewController.xib; sourceTree = "<group>"; };
		7520D4762B863BFE00C1DAFF /* ZMMLoginMainVC.swift */ = {isa = PBXFileReference; lastKnownFileType = sourcecode.swift; path = ZMMLoginMainVC.swift; sourceTree = "<group>"; };
		7520D4772B863BFE00C1DAFF /* ZMMLoginMainVC.xib */ = {isa = PBXFileReference; lastKnownFileType = file.xib; path = ZMMLoginMainVC.xib; sourceTree = "<group>"; };
		7520D47C2B863C4400C1DAFF /* ZMMSignInVC.swift */ = {isa = PBXFileReference; lastKnownFileType = sourcecode.swift; path = ZMMSignInVC.swift; sourceTree = "<group>"; };
		7520D47D2B863C4400C1DAFF /* ZMMSignInVC.xib */ = {isa = PBXFileReference; lastKnownFileType = file.xib; path = ZMMSignInVC.xib; sourceTree = "<group>"; };
		7520D4802B863C5700C1DAFF /* ZMMSignUpVC.swift */ = {isa = PBXFileReference; lastKnownFileType = sourcecode.swift; path = ZMMSignUpVC.swift; sourceTree = "<group>"; };
		7520D4812B863C5700C1DAFF /* ZMMSignUpVC.xib */ = {isa = PBXFileReference; lastKnownFileType = file.xib; path = ZMMSignUpVC.xib; sourceTree = "<group>"; };
		7C8439FB28B5FF610086861A /* ZMMTextField.h */ = {isa = PBXFileReference; lastKnownFileType = sourcecode.c.h; path = ZMMTextField.h; sourceTree = "<group>"; };
		7C8439FC28B5FF610086861A /* ZMMTextField.m */ = {isa = PBXFileReference; lastKnownFileType = sourcecode.c.objc; path = ZMMTextField.m; sourceTree = "<group>"; };
		83987029DAF87542A7D17EA4 /* Pods_mm_mmUITests.framework */ = {isa = PBXFileReference; explicitFileType = wrapper.framework; includeInIndex = 0; path = Pods_mm_mmUITests.framework; sourceTree = BUILT_PRODUCTS_DIR; };
		9350231A3F2C8898C6BF1078 /* Pods-mmTests.debug.xcconfig */ = {isa = PBXFileReference; includeInIndex = 1; lastKnownFileType = text.xcconfig; name = "Pods-mmTests.debug.xcconfig"; path = "Target Support Files/Pods-mmTests/Pods-mmTests.debug.xcconfig"; sourceTree = "<group>"; };
		B8ED2661F74D3A429787094C /* Pods-mm.release.xcconfig */ = {isa = PBXFileReference; includeInIndex = 1; lastKnownFileType = text.xcconfig; name = "Pods-mm.release.xcconfig"; path = "Target Support Files/Pods-mm/Pods-mm.release.xcconfig"; sourceTree = "<group>"; };
		C85EB61A8855FF8C9241D1A5 /* Pods-mm-mmUITests.debug.xcconfig */ = {isa = PBXFileReference; includeInIndex = 1; lastKnownFileType = text.xcconfig; name = "Pods-mm-mmUITests.debug.xcconfig"; path = "Target Support Files/Pods-mm-mmUITests/Pods-mm-mmUITests.debug.xcconfig"; sourceTree = "<group>"; };
		D7392F13282AA23200E5B148 /* mm.app */ = {isa = PBXFileReference; explicitFileType = wrapper.application; includeInIndex = 0; path = mm.app; sourceTree = BUILT_PRODUCTS_DIR; };
		D7392F20282AA23200E5B148 /* Base */ = {isa = PBXFileReference; lastKnownFileType = file.storyboard; name = Base; path = Base.lproj/Main.storyboard; sourceTree = "<group>"; };
		D7392F22282AA23700E5B148 /* Assets.xcassets */ = {isa = PBXFileReference; lastKnownFileType = folder.assetcatalog; path = Assets.xcassets; sourceTree = "<group>"; };
		D7392F25282AA23700E5B148 /* Base */ = {isa = PBXFileReference; lastKnownFileType = file.storyboard; name = Base; path = Base.lproj/LaunchScreen.storyboard; sourceTree = "<group>"; };
		D7392F27282AA23700E5B148 /* Info.plist */ = {isa = PBXFileReference; lastKnownFileType = text.plist.xml; path = Info.plist; sourceTree = "<group>"; };
		D7392F28282AA23700E5B148 /* main.m */ = {isa = PBXFileReference; lastKnownFileType = sourcecode.c.objc; path = main.m; sourceTree = "<group>"; };
		D7392F2E282AA23700E5B148 /* mmTests.xctest */ = {isa = PBXFileReference; explicitFileType = wrapper.cfbundle; includeInIndex = 0; path = mmTests.xctest; sourceTree = BUILT_PRODUCTS_DIR; };
		D7392F32282AA23700E5B148 /* mmTests.m */ = {isa = PBXFileReference; lastKnownFileType = sourcecode.c.objc; path = mmTests.m; sourceTree = "<group>"; };
		D7392F38282AA23700E5B148 /* mmUITests.xctest */ = {isa = PBXFileReference; explicitFileType = wrapper.cfbundle; includeInIndex = 0; path = mmUITests.xctest; sourceTree = BUILT_PRODUCTS_DIR; };
		D7392F3C282AA23700E5B148 /* mmUITests.m */ = {isa = PBXFileReference; lastKnownFileType = sourcecode.c.objc; path = mmUITests.m; sourceTree = "<group>"; };
		D7392F3E282AA23700E5B148 /* mmUITestsLaunchTests.m */ = {isa = PBXFileReference; lastKnownFileType = sourcecode.c.objc; path = mmUITestsLaunchTests.m; sourceTree = "<group>"; };
		DE5775028F79AE659089C523 /* Pods-mmTests.release.xcconfig */ = {isa = PBXFileReference; includeInIndex = 1; lastKnownFileType = text.xcconfig; name = "Pods-mmTests.release.xcconfig"; path = "Target Support Files/Pods-mmTests/Pods-mmTests.release.xcconfig"; sourceTree = "<group>"; };
/* End PBXFileReference section */

/* Begin PBXFrameworksBuildPhase section */
		D7392F10282AA23200E5B148 /* Frameworks */ = {
			isa = PBXFrameworksBuildPhase;
			buildActionMask = 2147483647;
			files = (
				3703DF912B2AF59A403BEC09 /* Pods_mm.framework in Frameworks */,
			);
			runOnlyForDeploymentPostprocessing = 0;
		};
		D7392F2B282AA23700E5B148 /* Frameworks */ = {
			isa = PBXFrameworksBuildPhase;
			buildActionMask = 2147483647;
			files = (
				D3BCE0E8AEE610888FF8D93C /* Pods_mmTests.framework in Frameworks */,
			);
			runOnlyForDeploymentPostprocessing = 0;
		};
		D7392F35282AA23700E5B148 /* Frameworks */ = {
			isa = PBXFrameworksBuildPhase;
			buildActionMask = 2147483647;
			files = (
				B7F62E1A590185567E6D04C0 /* Pods_mm_mmUITests.framework in Frameworks */,
			);
			runOnlyForDeploymentPostprocessing = 0;
		};
/* End PBXFrameworksBuildPhase section */

/* Begin PBXGroup section */
		7520D44B2B835B3C00C1DAFF /* Score */ = {
			isa = PBXGroup;
			children = (
				7520D44C2B835B5000C1DAFF /* ZMMScoreVC.swift */,
				7520D44D2B835B5000C1DAFF /* ZMMScoreVC.xib */,
			);
			path = Score;
			sourceTree = "<group>";
		};
		7520D4502B835BAD00C1DAFF /* Video */ = {
			isa = PBXGroup;
			children = (
				7520D4512B835BAD00C1DAFF /* ZMMVideoViewController.swift */,
				7520D4522B835BAD00C1DAFF /* ZMMVideoViewController.xib */,
			);
			path = Video;
			sourceTree = "<group>";
		};
		7520D4542B835BAD00C1DAFF /* Main */ = {
			isa = PBXGroup;
			children = (
				7520D4592B835BAD00C1DAFF /* ZMMTabBarController.h */,
				7520D4552B835BAD00C1DAFF /* ZMMTabBarController.m */,
				7520D4562B835BAD00C1DAFF /* AppDelegate.h */,
				7520D4582B835BAD00C1DAFF /* AppDelegate.m */,
				7520D45A2B835BAD00C1DAFF /* SceneDelegate.h */,
				7520D4572B835BAD00C1DAFF /* SceneDelegate.m */,
			);
			path = Main;
			sourceTree = "<group>";
		};
		7520D45B2B835BAD00C1DAFF /* Audio */ = {
			isa = PBXGroup;
			children = (
				7520D45C2B835BAD00C1DAFF /* ZMMAudioContentVC.xib */,
				7520D45D2B835BAD00C1DAFF /* ZMMAudioViewController.m */,
				7520D45E2B835BAD00C1DAFF /* ZMMAudioContentVC.h */,
				7520D45F2B835BAD00C1DAFF /* ZMMAudioViewController.xib */,
				7520D4602B835BAD00C1DAFF /* ZMMAudioContentVC.m */,
				7520D4612B835BAD00C1DAFF /* ZMMAudioViewController.h */,
			);
			path = Audio;
			sourceTree = "<group>";
		};
		7520D4622B835BAD00C1DAFF /* Reader */ = {
			isa = PBXGroup;
			children = (
				7520D4632B835BAD00C1DAFF /* ZMMReaderVC.xib */,
				7520D4642B835BAD00C1DAFF /* ZMMReaderVC.swift */,
			);
			path = Reader;
			sourceTree = "<group>";
		};
		7520D4652B835BAD00C1DAFF /* Photo */ = {
			isa = PBXGroup;
			children = (
				7520D4662B835BAD00C1DAFF /* ZMMPhotoViewController.swift */,
				7520D4672B835BAD00C1DAFF /* ZMMPhotoViewController.xib */,
			);
			path = Photo;
			sourceTree = "<group>";
		};
		7520D4752B863BC000C1DAFF /* Login */ = {
			isa = PBXGroup;
			children = (
				7520D4762B863BFE00C1DAFF /* ZMMLoginMainVC.swift */,
				7520D4772B863BFE00C1DAFF /* ZMMLoginMainVC.xib */,
				7520D47C2B863C4400C1DAFF /* ZMMSignInVC.swift */,
				7520D47D2B863C4400C1DAFF /* ZMMSignInVC.xib */,
				7520D4802B863C5700C1DAFF /* ZMMSignUpVC.swift */,
				7520D4812B863C5700C1DAFF /* ZMMSignUpVC.xib */,
			);
			path = Login;
			sourceTree = "<group>";
		};
		7C8439FA28B5FF020086861A /* ToolCommon */ = {
			isa = PBXGroup;
			children = (
				7C8439FB28B5FF610086861A /* ZMMTextField.h */,
				7C8439FC28B5FF610086861A /* ZMMTextField.m */,
			);
			path = ToolCommon;
			sourceTree = "<group>";
		};
		C71088ACC4A7DE3AEF5A35F9 /* Pods */ = {
			isa = PBXGroup;
			children = (
				733222A2A59980B185A24B28 /* Pods-mm.debug.xcconfig */,
				B8ED2661F74D3A429787094C /* Pods-mm.release.xcconfig */,
				C85EB61A8855FF8C9241D1A5 /* Pods-mm-mmUITests.debug.xcconfig */,
				1BBB91AEEB0251F707A52BA5 /* Pods-mm-mmUITests.release.xcconfig */,
				9350231A3F2C8898C6BF1078 /* Pods-mmTests.debug.xcconfig */,
				DE5775028F79AE659089C523 /* Pods-mmTests.release.xcconfig */,
			);
			path = Pods;
			sourceTree = "<group>";
		};
		D7392F0A282AA23100E5B148 = {
			isa = PBXGroup;
			children = (
				D7392F15282AA23200E5B148 /* mm */,
				D7392F31282AA23700E5B148 /* mmTests */,
				D7392F3B282AA23700E5B148 /* mmUITests */,
				D7392F14282AA23200E5B148 /* Products */,
				C71088ACC4A7DE3AEF5A35F9 /* Pods */,
				FCB8108EFD7319E55BCCB1D1 /* Frameworks */,
			);
			sourceTree = "<group>";
		};
		D7392F14282AA23200E5B148 /* Products */ = {
			isa = PBXGroup;
			children = (
				D7392F13282AA23200E5B148 /* mm.app */,
				D7392F2E282AA23700E5B148 /* mmTests.xctest */,
				D7392F38282AA23700E5B148 /* mmUITests.xctest */,
			);
			name = Products;
			sourceTree = "<group>";
		};
		D7392F15282AA23200E5B148 /* mm */ = {
			isa = PBXGroup;
			children = (
				045C73DD2B8D762F00357EAB /* mm-Bridging-Header.h */,
				7520D4752B863BC000C1DAFF /* Login */,
				7520D45B2B835BAD00C1DAFF /* Audio */,
				7520D4542B835BAD00C1DAFF /* Main */,
				7520D4652B835BAD00C1DAFF /* Photo */,
				7520D4622B835BAD00C1DAFF /* Reader */,
				7520D4502B835BAD00C1DAFF /* Video */,
				7520D44B2B835B3C00C1DAFF /* Score */,
				7C8439FA28B5FF020086861A /* ToolCommon */,
				D7392F1F282AA23200E5B148 /* Main.storyboard */,
				D7392F22282AA23700E5B148 /* Assets.xcassets */,
				D7392F24282AA23700E5B148 /* LaunchScreen.storyboard */,
				D7392F27282AA23700E5B148 /* Info.plist */,
				D7392F28282AA23700E5B148 /* main.m */,
			);
			path = mm;
			sourceTree = "<group>";
		};
		D7392F31282AA23700E5B148 /* mmTests */ = {
			isa = PBXGroup;
			children = (
				D7392F32282AA23700E5B148 /* mmTests.m */,
			);
			path = mmTests;
			sourceTree = "<group>";
		};
		D7392F3B282AA23700E5B148 /* mmUITests */ = {
			isa = PBXGroup;
			children = (
				D7392F3C282AA23700E5B148 /* mmUITests.m */,
				D7392F3E282AA23700E5B148 /* mmUITestsLaunchTests.m */,
			);
			path = mmUITests;
			sourceTree = "<group>";
		};
		FCB8108EFD7319E55BCCB1D1 /* Frameworks */ = {
			isa = PBXGroup;
			children = (
				214CCAD6167BEC2568074A94 /* Pods_mm.framework */,
				83987029DAF87542A7D17EA4 /* Pods_mm_mmUITests.framework */,
				0B2BB92D8DB9B28F4923F8A5 /* Pods_mmTests.framework */,
			);
			name = Frameworks;
			sourceTree = "<group>";
		};
/* End PBXGroup section */

/* Begin PBXNativeTarget section */
		D7392F12282AA23200E5B148 /* mm */ = {
			isa = PBXNativeTarget;
			buildConfigurationList = D7392F42282AA23700E5B148 /* Build configuration list for PBXNativeTarget "mm" */;
			buildPhases = (
				4CA478E6F2B77EB1799D598F /* [CP] Check Pods Manifest.lock */,
				C9E49CA49B64D94D59560699 /* [CP-User] Run Flutter Build mm_flutter Script */,
				D7392F0F282AA23200E5B148 /* Sources */,
				D7392F10282AA23200E5B148 /* Frameworks */,
				D7392F11282AA23200E5B148 /* Resources */,
				C58DA1C3F190FF5A516E2EC0 /* [CP] Embed Pods Frameworks */,
				F071DDA0963522FBF664BBB3 /* [CP-User] Embed Flutter Build mm_flutter Script */,
			);
			buildRules = (
			);
			dependencies = (
			);
			name = mm;
			productName = mm;
			productReference = D7392F13282AA23200E5B148 /* mm.app */;
			productType = "com.apple.product-type.application";
		};
		D7392F2D282AA23700E5B148 /* mmTests */ = {
			isa = PBXNativeTarget;
			buildConfigurationList = D7392F45282AA23700E5B148 /* Build configuration list for PBXNativeTarget "mmTests" */;
			buildPhases = (
				A6714F33E64834DB91056C78 /* [CP] Check Pods Manifest.lock */,
				D7392F2A282AA23700E5B148 /* Sources */,
				D7392F2B282AA23700E5B148 /* Frameworks */,
				D7392F2C282AA23700E5B148 /* Resources */,
			);
			buildRules = (
			);
			dependencies = (
				D7392F30282AA23700E5B148 /* PBXTargetDependency */,
			);
			name = mmTests;
			productName = mmTests;
			productReference = D7392F2E282AA23700E5B148 /* mmTests.xctest */;
			productType = "com.apple.product-type.bundle.unit-test";
		};
		D7392F37282AA23700E5B148 /* mmUITests */ = {
			isa = PBXNativeTarget;
			buildConfigurationList = D7392F48282AA23700E5B148 /* Build configuration list for PBXNativeTarget "mmUITests" */;
			buildPhases = (
				099F750A76ABC19F0B2C7589 /* [CP] Check Pods Manifest.lock */,
				D7392F34282AA23700E5B148 /* Sources */,
				D7392F35282AA23700E5B148 /* Frameworks */,
				D7392F36282AA23700E5B148 /* Resources */,
				4B3EF146F20B15FAADDE94AD /* [CP] Embed Pods Frameworks */,
			);
			buildRules = (
			);
			dependencies = (
				D7392F3A282AA23700E5B148 /* PBXTargetDependency */,
			);
			name = mmUITests;
			productName = mmUITests;
			productReference = D7392F38282AA23700E5B148 /* mmUITests.xctest */;
			productType = "com.apple.product-type.bundle.ui-testing";
		};
/* End PBXNativeTarget section */

/* Begin PBXProject section */
		D7392F0B282AA23200E5B148 /* Project object */ = {
			isa = PBXProject;
			attributes = {
				BuildIndependentTargetsInParallel = 1;
				CLASSPREFIX = ZMM;
				LastUpgradeCheck = 1300;
				TargetAttributes = {
					D7392F12282AA23200E5B148 = {
						CreatedOnToolsVersion = 13.0;
						LastSwiftMigration = 1300;
					};
					D7392F2D282AA23700E5B148 = {
						CreatedOnToolsVersion = 13.0;
						TestTargetID = D7392F12282AA23200E5B148;
					};
					D7392F37282AA23700E5B148 = {
						CreatedOnToolsVersion = 13.0;
						TestTargetID = D7392F12282AA23200E5B148;
					};
				};
			};
			buildConfigurationList = D7392F0E282AA23200E5B148 /* Build configuration list for PBXProject "mm" */;
			compatibilityVersion = "Xcode 13.0";
			developmentRegion = en;
			hasScannedForEncodings = 0;
			knownRegions = (
				en,
				Base,
			);
			mainGroup = D7392F0A282AA23100E5B148;
			productRefGroup = D7392F14282AA23200E5B148 /* Products */;
			projectDirPath = "";
			projectRoot = "";
			targets = (
				D7392F12282AA23200E5B148 /* mm */,
				D7392F2D282AA23700E5B148 /* mmTests */,
				D7392F37282AA23700E5B148 /* mmUITests */,
			);
		};
/* End PBXProject section */

/* Begin PBXResourcesBuildPhase section */
		D7392F11282AA23200E5B148 /* Resources */ = {
			isa = PBXResourcesBuildPhase;
			buildActionMask = 2147483647;
			files = (
				7520D4742B835BAD00C1DAFF /* ZMMPhotoViewController.xib in Resources */,
				7520D4712B835BAD00C1DAFF /* ZMMReaderVC.xib in Resources */,
				7520D44F2B835B5000C1DAFF /* ZMMScoreVC.xib in Resources */,
				D7392F26282AA23700E5B148 /* LaunchScreen.storyboard in Resources */,
				7520D4792B863BFE00C1DAFF /* ZMMLoginMainVC.xib in Resources */,
				7520D46D2B835BAD00C1DAFF /* ZMMAudioContentVC.xib in Resources */,
				7520D4692B835BAD00C1DAFF /* ZMMVideoViewController.xib in Resources */,
				7520D4832B863C5700C1DAFF /* ZMMSignUpVC.xib in Resources */,
				D7392F23282AA23700E5B148 /* Assets.xcassets in Resources */,
				7520D47F2B863C4400C1DAFF /* ZMMSignInVC.xib in Resources */,
				7520D46F2B835BAD00C1DAFF /* ZMMAudioViewController.xib in Resources */,
				D7392F21282AA23200E5B148 /* Main.storyboard in Resources */,
			);
			runOnlyForDeploymentPostprocessing = 0;
		};
		D7392F2C282AA23700E5B148 /* Resources */ = {
			isa = PBXResourcesBuildPhase;
			buildActionMask = 2147483647;
			files = (
			);
			runOnlyForDeploymentPostprocessing = 0;
		};
		D7392F36282AA23700E5B148 /* Resources */ = {
			isa = PBXResourcesBuildPhase;
			buildActionMask = 2147483647;
			files = (
			);
			runOnlyForDeploymentPostprocessing = 0;
		};
/* End PBXResourcesBuildPhase section */

/* Begin PBXShellScriptBuildPhase section */
		099F750A76ABC19F0B2C7589 /* [CP] Check Pods Manifest.lock */ = {
			isa = PBXShellScriptBuildPhase;
			buildActionMask = 2147483647;
			files = (
			);
			inputFileListPaths = (
			);
			inputPaths = (
				"${PODS_PODFILE_DIR_PATH}/Podfile.lock",
				"${PODS_ROOT}/Manifest.lock",
			);
			name = "[CP] Check Pods Manifest.lock";
			outputFileListPaths = (
			);
			outputPaths = (
				"$(DERIVED_FILE_DIR)/Pods-mm-mmUITests-checkManifestLockResult.txt",
			);
			runOnlyForDeploymentPostprocessing = 0;
			shellPath = /bin/sh;
			shellScript = "diff \"${PODS_PODFILE_DIR_PATH}/Podfile.lock\" \"${PODS_ROOT}/Manifest.lock\" > /dev/null\nif [ $? != 0 ] ; then\n    # print error to STDERR\n    echo \"error: The sandbox is not in sync with the Podfile.lock. Run 'pod install' or update your CocoaPods installation.\" >&2\n    exit 1\nfi\n# This output is used by Xcode 'outputs' to avoid re-running this script phase.\necho \"SUCCESS\" > \"${SCRIPT_OUTPUT_FILE_0}\"\n";
			showEnvVarsInLog = 0;
		};
		4B3EF146F20B15FAADDE94AD /* [CP] Embed Pods Frameworks */ = {
			isa = PBXShellScriptBuildPhase;
			buildActionMask = 2147483647;
			files = (
			);
			inputFileListPaths = (
				"${PODS_ROOT}/Target Support Files/Pods-mm-mmUITests/Pods-mm-mmUITests-frameworks-${CONFIGURATION}-input-files.xcfilelist",
			);
			name = "[CP] Embed Pods Frameworks";
			outputFileListPaths = (
				"${PODS_ROOT}/Target Support Files/Pods-mm-mmUITests/Pods-mm-mmUITests-frameworks-${CONFIGURATION}-output-files.xcfilelist",
			);
			runOnlyForDeploymentPostprocessing = 0;
			shellPath = /bin/sh;
			shellScript = "\"${PODS_ROOT}/Target Support Files/Pods-mm-mmUITests/Pods-mm-mmUITests-frameworks.sh\"\n";
			showEnvVarsInLog = 0;
		};
		4CA478E6F2B77EB1799D598F /* [CP] Check Pods Manifest.lock */ = {
			isa = PBXShellScriptBuildPhase;
			buildActionMask = 2147483647;
			files = (
			);
			inputFileListPaths = (
			);
			inputPaths = (
				"${PODS_PODFILE_DIR_PATH}/Podfile.lock",
				"${PODS_ROOT}/Manifest.lock",
			);
			name = "[CP] Check Pods Manifest.lock";
			outputFileListPaths = (
			);
			outputPaths = (
				"$(DERIVED_FILE_DIR)/Pods-mm-checkManifestLockResult.txt",
			);
			runOnlyForDeploymentPostprocessing = 0;
			shellPath = /bin/sh;
			shellScript = "diff \"${PODS_PODFILE_DIR_PATH}/Podfile.lock\" \"${PODS_ROOT}/Manifest.lock\" > /dev/null\nif [ $? != 0 ] ; then\n    # print error to STDERR\n    echo \"error: The sandbox is not in sync with the Podfile.lock. Run 'pod install' or update your CocoaPods installation.\" >&2\n    exit 1\nfi\n# This output is used by Xcode 'outputs' to avoid re-running this script phase.\necho \"SUCCESS\" > \"${SCRIPT_OUTPUT_FILE_0}\"\n";
			showEnvVarsInLog = 0;
		};
		A6714F33E64834DB91056C78 /* [CP] Check Pods Manifest.lock */ = {
			isa = PBXShellScriptBuildPhase;
			buildActionMask = 2147483647;
			files = (
			);
			inputFileListPaths = (
			);
			inputPaths = (
				"${PODS_PODFILE_DIR_PATH}/Podfile.lock",
				"${PODS_ROOT}/Manifest.lock",
			);
			name = "[CP] Check Pods Manifest.lock";
			outputFileListPaths = (
			);
			outputPaths = (
				"$(DERIVED_FILE_DIR)/Pods-mmTests-checkManifestLockResult.txt",
			);
			runOnlyForDeploymentPostprocessing = 0;
			shellPath = /bin/sh;
			shellScript = "diff \"${PODS_PODFILE_DIR_PATH}/Podfile.lock\" \"${PODS_ROOT}/Manifest.lock\" > /dev/null\nif [ $? != 0 ] ; then\n    # print error to STDERR\n    echo \"error: The sandbox is not in sync with the Podfile.lock. Run 'pod install' or update your CocoaPods installation.\" >&2\n    exit 1\nfi\n# This output is used by Xcode 'outputs' to avoid re-running this script phase.\necho \"SUCCESS\" > \"${SCRIPT_OUTPUT_FILE_0}\"\n";
			showEnvVarsInLog = 0;
		};
		C58DA1C3F190FF5A516E2EC0 /* [CP] Embed Pods Frameworks */ = {
			isa = PBXShellScriptBuildPhase;
			buildActionMask = 2147483647;
			files = (
			);
			inputFileListPaths = (
				"${PODS_ROOT}/Target Support Files/Pods-mm/Pods-mm-frameworks-${CONFIGURATION}-input-files.xcfilelist",
			);
			name = "[CP] Embed Pods Frameworks";
			outputFileListPaths = (
				"${PODS_ROOT}/Target Support Files/Pods-mm/Pods-mm-frameworks-${CONFIGURATION}-output-files.xcfilelist",
			);
			runOnlyForDeploymentPostprocessing = 0;
			shellPath = /bin/sh;
			shellScript = "\"${PODS_ROOT}/Target Support Files/Pods-mm/Pods-mm-frameworks.sh\"\n";
			showEnvVarsInLog = 0;
		};
		C9E49CA49B64D94D59560699 /* [CP-User] Run Flutter Build mm_flutter Script */ = {
			isa = PBXShellScriptBuildPhase;
			buildActionMask = 2147483647;
			files = (
			);
			name = "[CP-User] Run Flutter Build mm_flutter Script";
			runOnlyForDeploymentPostprocessing = 0;
			shellPath = /bin/sh;
			shellScript = "set -e\nset -u\nsource \"${SRCROOT}/../mm_flutter/.ios/Flutter/flutter_export_environment.sh\"\nexport VERBOSE_SCRIPT_LOGGING=1 && \"$FLUTTER_ROOT\"/packages/flutter_tools/bin/xcode_backend.sh build";
		};
		F071DDA0963522FBF664BBB3 /* [CP-User] Embed Flutter Build mm_flutter Script */ = {
			isa = PBXShellScriptBuildPhase;
			buildActionMask = 2147483647;
			files = (
			);
			name = "[CP-User] Embed Flutter Build mm_flutter Script";
			runOnlyForDeploymentPostprocessing = 0;
			shellPath = /bin/sh;
			shellScript = "set -e\nset -u\nsource \"${SRCROOT}/../mm_flutter/.ios/Flutter/flutter_export_environment.sh\"\nexport VERBOSE_SCRIPT_LOGGING=1 && \"$FLUTTER_ROOT\"/packages/flutter_tools/bin/xcode_backend.sh embed_and_thin";
		};
/* End PBXShellScriptBuildPhase section */

/* Begin PBXSourcesBuildPhase section */
		D7392F0F282AA23200E5B148 /* Sources */ = {
			isa = PBXSourcesBuildPhase;
			buildActionMask = 2147483647;
			files = (
				7520D4732B835BAD00C1DAFF /* ZMMPhotoViewController.swift in Sources */,
				7520D46E2B835BAD00C1DAFF /* ZMMAudioViewController.m in Sources */,
				7520D4782B863BFE00C1DAFF /* ZMMLoginMainVC.swift in Sources */,
				7520D4702B835BAD00C1DAFF /* ZMMAudioContentVC.m in Sources */,
				7520D44E2B835B5000C1DAFF /* ZMMScoreVC.swift in Sources */,
				7520D46B2B835BAD00C1DAFF /* SceneDelegate.m in Sources */,
				7520D46A2B835BAD00C1DAFF /* ZMMTabBarController.m in Sources */,
				7520D4682B835BAD00C1DAFF /* ZMMVideoViewController.swift in Sources */,
				7520D4722B835BAD00C1DAFF /* ZMMReaderVC.swift in Sources */,
				7C8439FD28B5FF610086861A /* ZMMTextField.m in Sources */,
				7520D47E2B863C4400C1DAFF /* ZMMSignInVC.swift in Sources */,
				7520D4822B863C5700C1DAFF /* ZMMSignUpVC.swift in Sources */,
				D7392F29282AA23700E5B148 /* main.m in Sources */,
				7520D46C2B835BAD00C1DAFF /* AppDelegate.m in Sources */,
			);
			runOnlyForDeploymentPostprocessing = 0;
		};
		D7392F2A282AA23700E5B148 /* Sources */ = {
			isa = PBXSourcesBuildPhase;
			buildActionMask = 2147483647;
			files = (
				D7392F33282AA23700E5B148 /* mmTests.m in Sources */,
			);
			runOnlyForDeploymentPostprocessing = 0;
		};
		D7392F34282AA23700E5B148 /* Sources */ = {
			isa = PBXSourcesBuildPhase;
			buildActionMask = 2147483647;
			files = (
				D7392F3F282AA23700E5B148 /* mmUITestsLaunchTests.m in Sources */,
				D7392F3D282AA23700E5B148 /* mmUITests.m in Sources */,
			);
			runOnlyForDeploymentPostprocessing = 0;
		};
/* End PBXSourcesBuildPhase section */

/* Begin PBXTargetDependency section */
		D7392F30282AA23700E5B148 /* PBXTargetDependency */ = {
			isa = PBXTargetDependency;
			target = D7392F12282AA23200E5B148 /* mm */;
			targetProxy = D7392F2F282AA23700E5B148 /* PBXContainerItemProxy */;
		};
		D7392F3A282AA23700E5B148 /* PBXTargetDependency */ = {
			isa = PBXTargetDependency;
			target = D7392F12282AA23200E5B148 /* mm */;
			targetProxy = D7392F39282AA23700E5B148 /* PBXContainerItemProxy */;
		};
/* End PBXTargetDependency section */

/* Begin PBXVariantGroup section */
		D7392F1F282AA23200E5B148 /* Main.storyboard */ = {
			isa = PBXVariantGroup;
			children = (
				D7392F20282AA23200E5B148 /* Base */,
			);
			name = Main.storyboard;
			sourceTree = "<group>";
		};
		D7392F24282AA23700E5B148 /* LaunchScreen.storyboard */ = {
			isa = PBXVariantGroup;
			children = (
				D7392F25282AA23700E5B148 /* Base */,
			);
			name = LaunchScreen.storyboard;
			sourceTree = "<group>";
		};
/* End PBXVariantGroup section */

/* Begin XCBuildConfiguration section */
		D7392F40282AA23700E5B148 /* Debug */ = {
			isa = XCBuildConfiguration;
			buildSettings = {
				ALWAYS_SEARCH_USER_PATHS = NO;
				CLANG_ANALYZER_NONNULL = YES;
				CLANG_ANALYZER_NUMBER_OBJECT_CONVERSION = YES_AGGRESSIVE;
				CLANG_CXX_LANGUAGE_STANDARD = "gnu++17";
				CLANG_CXX_LIBRARY = "libc++";
				CLANG_ENABLE_MODULES = YES;
				CLANG_ENABLE_OBJC_ARC = YES;
				CLANG_ENABLE_OBJC_WEAK = YES;
				CLANG_WARN_BLOCK_CAPTURE_AUTORELEASING = YES;
				CLANG_WARN_BOOL_CONVERSION = YES;
				CLANG_WARN_COMMA = YES;
				CLANG_WARN_CONSTANT_CONVERSION = YES;
				CLANG_WARN_DEPRECATED_OBJC_IMPLEMENTATIONS = YES;
				CLANG_WARN_DIRECT_OBJC_ISA_USAGE = YES_ERROR;
				CLANG_WARN_DOCUMENTATION_COMMENTS = YES;
				CLANG_WARN_EMPTY_BODY = YES;
				CLANG_WARN_ENUM_CONVERSION = YES;
				CLANG_WARN_INFINITE_RECURSION = YES;
				CLANG_WARN_INT_CONVERSION = YES;
				CLANG_WARN_NON_LITERAL_NULL_CONVERSION = YES;
				CLANG_WARN_OBJC_IMPLICIT_RETAIN_SELF = YES;
				CLANG_WARN_OBJC_LITERAL_CONVERSION = YES;
				CLANG_WARN_OBJC_ROOT_CLASS = YES_ERROR;
				CLANG_WARN_QUOTED_INCLUDE_IN_FRAMEWORK_HEADER = YES;
				CLANG_WARN_RANGE_LOOP_ANALYSIS = YES;
				CLANG_WARN_STRICT_PROTOTYPES = YES;
				CLANG_WARN_SUSPICIOUS_MOVE = YES;
				CLANG_WARN_UNGUARDED_AVAILABILITY = YES_AGGRESSIVE;
				CLANG_WARN_UNREACHABLE_CODE = YES;
				CLANG_WARN__DUPLICATE_METHOD_MATCH = YES;
				COPY_PHASE_STRIP = NO;
				DEBUG_INFORMATION_FORMAT = dwarf;
				ENABLE_STRICT_OBJC_MSGSEND = YES;
				ENABLE_TESTABILITY = YES;
				GCC_C_LANGUAGE_STANDARD = gnu11;
				GCC_DYNAMIC_NO_PIC = NO;
				GCC_NO_COMMON_BLOCKS = YES;
				GCC_OPTIMIZATION_LEVEL = 0;
				GCC_PREPROCESSOR_DEFINITIONS = (
					"DEBUG=1",
					"$(inherited)",
				);
				GCC_WARN_64_TO_32_BIT_CONVERSION = YES;
				GCC_WARN_ABOUT_RETURN_TYPE = YES_ERROR;
				GCC_WARN_UNDECLARED_SELECTOR = YES;
				GCC_WARN_UNINITIALIZED_AUTOS = YES_AGGRESSIVE;
				GCC_WARN_UNUSED_FUNCTION = YES;
				GCC_WARN_UNUSED_VARIABLE = YES;
				IPHONEOS_DEPLOYMENT_TARGET = 16.0;
				MTL_ENABLE_DEBUG_INFO = INCLUDE_SOURCE;
				MTL_FAST_MATH = YES;
				ONLY_ACTIVE_ARCH = YES;
				SDKROOT = iphoneos;
			};
			name = Debug;
		};
		D7392F41282AA23700E5B148 /* Release */ = {
			isa = XCBuildConfiguration;
			buildSettings = {
				ALWAYS_SEARCH_USER_PATHS = NO;
				CLANG_ANALYZER_NONNULL = YES;
				CLANG_ANALYZER_NUMBER_OBJECT_CONVERSION = YES_AGGRESSIVE;
				CLANG_CXX_LANGUAGE_STANDARD = "gnu++17";
				CLANG_CXX_LIBRARY = "libc++";
				CLANG_ENABLE_MODULES = YES;
				CLANG_ENABLE_OBJC_ARC = YES;
				CLANG_ENABLE_OBJC_WEAK = YES;
				CLANG_WARN_BLOCK_CAPTURE_AUTORELEASING = YES;
				CLANG_WARN_BOOL_CONVERSION = YES;
				CLANG_WARN_COMMA = YES;
				CLANG_WARN_CONSTANT_CONVERSION = YES;
				CLANG_WARN_DEPRECATED_OBJC_IMPLEMENTATIONS = YES;
				CLANG_WARN_DIRECT_OBJC_ISA_USAGE = YES_ERROR;
				CLANG_WARN_DOCUMENTATION_COMMENTS = YES;
				CLANG_WARN_EMPTY_BODY = YES;
				CLANG_WARN_ENUM_CONVERSION = YES;
				CLANG_WARN_INFINITE_RECURSION = YES;
				CLANG_WARN_INT_CONVERSION = YES;
				CLANG_WARN_NON_LITERAL_NULL_CONVERSION = YES;
				CLANG_WARN_OBJC_IMPLICIT_RETAIN_SELF = YES;
				CLANG_WARN_OBJC_LITERAL_CONVERSION = YES;
				CLANG_WARN_OBJC_ROOT_CLASS = YES_ERROR;
				CLANG_WARN_QUOTED_INCLUDE_IN_FRAMEWORK_HEADER = YES;
				CLANG_WARN_RANGE_LOOP_ANALYSIS = YES;
				CLANG_WARN_STRICT_PROTOTYPES = YES;
				CLANG_WARN_SUSPICIOUS_MOVE = YES;
				CLANG_WARN_UNGUARDED_AVAILABILITY = YES_AGGRESSIVE;
				CLANG_WARN_UNREACHABLE_CODE = YES;
				CLANG_WARN__DUPLICATE_METHOD_MATCH = YES;
				COPY_PHASE_STRIP = NO;
				DEBUG_INFORMATION_FORMAT = "dwarf-with-dsym";
				ENABLE_NS_ASSERTIONS = NO;
				ENABLE_STRICT_OBJC_MSGSEND = YES;
				GCC_C_LANGUAGE_STANDARD = gnu11;
				GCC_NO_COMMON_BLOCKS = YES;
				GCC_WARN_64_TO_32_BIT_CONVERSION = YES;
				GCC_WARN_ABOUT_RETURN_TYPE = YES_ERROR;
				GCC_WARN_UNDECLARED_SELECTOR = YES;
				GCC_WARN_UNINITIALIZED_AUTOS = YES_AGGRESSIVE;
				GCC_WARN_UNUSED_FUNCTION = YES;
				GCC_WARN_UNUSED_VARIABLE = YES;
				IPHONEOS_DEPLOYMENT_TARGET = 16.0;
				MTL_ENABLE_DEBUG_INFO = NO;
				MTL_FAST_MATH = YES;
				SDKROOT = iphoneos;
				VALIDATE_PRODUCT = YES;
			};
			name = Release;
		};
		D7392F43282AA23700E5B148 /* Debug */ = {
			isa = XCBuildConfiguration;
			baseConfigurationReference = 733222A2A59980B185A24B28 /* Pods-mm.debug.xcconfig */;
			buildSettings = {
				ASSETCATALOG_COMPILER_APPICON_NAME = AppIcon;
				ASSETCATALOG_COMPILER_GLOBAL_ACCENT_COLOR_NAME = AccentColor;
				CLANG_ENABLE_MODULES = YES;
				CODE_SIGN_STYLE = Automatic;
				CURRENT_PROJECT_VERSION = 1;
				DEVELOPMENT_TEAM = UA62U3JARN;
				FRAMEWORK_SEARCH_PATHS = "$(inherited)";
				GENERATE_INFOPLIST_FILE = YES;
				HEADER_SEARCH_PATHS = "$(inherited)";
				INFOPLIST_FILE = mm/Info.plist;
				INFOPLIST_KEY_UIApplicationSupportsIndirectInputEvents = YES;
				INFOPLIST_KEY_UILaunchStoryboardName = LaunchScreen;
				INFOPLIST_KEY_UIMainStoryboardFile = Main;
				INFOPLIST_KEY_UISupportedInterfaceOrientations = UIInterfaceOrientationPortrait;
				INFOPLIST_KEY_UISupportedInterfaceOrientations_iPad = "UIInterfaceOrientationPortrait UIInterfaceOrientationPortraitUpsideDown UIInterfaceOrientationLandscapeLeft UIInterfaceOrientationLandscapeRight";
				INFOPLIST_KEY_UISupportedInterfaceOrientations_iPhone = "UIInterfaceOrientationPortrait UIInterfaceOrientationLandscapeLeft UIInterfaceOrientationLandscapeRight";
				IPHONEOS_DEPLOYMENT_TARGET = 13.0;
				LD_RUNPATH_SEARCH_PATHS = (
					"$(inherited)",
					"@executable_path/Frameworks",
				);
				MARKETING_VERSION = 1.0;
				PRODUCT_BUNDLE_IDENTIFIER = com.zyn.mm;
				PRODUCT_NAME = "$(TARGET_NAME)";
				SWIFT_EMIT_LOC_STRINGS = YES;
				SWIFT_OBJC_BRIDGING_HEADER = "mm/mm-Bridging-Header.h";
				SWIFT_OPTIMIZATION_LEVEL = "-Onone";
				SWIFT_VERSION = 5.0;
				TARGETED_DEVICE_FAMILY = 1;
				USER_HEADER_SEARCH_PATHS = "$(inherited)";
			};
			name = Debug;
		};
		D7392F44282AA23700E5B148 /* Release */ = {
			isa = XCBuildConfiguration;
			baseConfigurationReference = B8ED2661F74D3A429787094C /* Pods-mm.release.xcconfig */;
			buildSettings = {
				ASSETCATALOG_COMPILER_APPICON_NAME = AppIcon;
				ASSETCATALOG_COMPILER_GLOBAL_ACCENT_COLOR_NAME = AccentColor;
				CLANG_ENABLE_MODULES = YES;
				CODE_SIGN_STYLE = Automatic;
				CURRENT_PROJECT_VERSION = 1;
				DEVELOPMENT_TEAM = UA62U3JARN;
				FRAMEWORK_SEARCH_PATHS = "$(inherited)";
				GENERATE_INFOPLIST_FILE = YES;
				HEADER_SEARCH_PATHS = "$(inherited)";
				INFOPLIST_FILE = mm/Info.plist;
				INFOPLIST_KEY_UIApplicationSupportsIndirectInputEvents = YES;
				INFOPLIST_KEY_UILaunchStoryboardName = LaunchScreen;
				INFOPLIST_KEY_UIMainStoryboardFile = Main;
				INFOPLIST_KEY_UISupportedInterfaceOrientations = UIInterfaceOrientationPortrait;
				INFOPLIST_KEY_UISupportedInterfaceOrientations_iPad = "UIInterfaceOrientationPortrait UIInterfaceOrientationPortraitUpsideDown UIInterfaceOrientationLandscapeLeft UIInterfaceOrientationLandscapeRight";
				INFOPLIST_KEY_UISupportedInterfaceOrientations_iPhone = "UIInterfaceOrientationPortrait UIInterfaceOrientationLandscapeLeft UIInterfaceOrientationLandscapeRight";
				IPHONEOS_DEPLOYMENT_TARGET = 13.0;
				LD_RUNPATH_SEARCH_PATHS = (
					"$(inherited)",
					"@executable_path/Frameworks",
				);
				MARKETING_VERSION = 1.0;
				PRODUCT_BUNDLE_IDENTIFIER = com.zyn.mm;
				PRODUCT_NAME = "$(TARGET_NAME)";
				SWIFT_EMIT_LOC_STRINGS = YES;
				SWIFT_OBJC_BRIDGING_HEADER = "mm/mm-Bridging-Header.h";
				SWIFT_VERSION = 5.0;
				TARGETED_DEVICE_FAMILY = 1;
				USER_HEADER_SEARCH_PATHS = "$(inherited)";
			};
			name = Release;
		};
		D7392F46282AA23700E5B148 /* Debug */ = {
			isa = XCBuildConfiguration;
			baseConfigurationReference = 9350231A3F2C8898C6BF1078 /* Pods-mmTests.debug.xcconfig */;
			buildSettings = {
				ALWAYS_EMBED_SWIFT_STANDARD_LIBRARIES = YES;
				BUNDLE_LOADER = "$(TEST_HOST)";
				CODE_SIGN_STYLE = Automatic;
				CURRENT_PROJECT_VERSION = 1;
				DEVELOPMENT_TEAM = UA62U3JARN;
				GENERATE_INFOPLIST_FILE = YES;
				IPHONEOS_DEPLOYMENT_TARGET = 15.0;
				LD_RUNPATH_SEARCH_PATHS = (
					"$(inherited)",
					"@executable_path/Frameworks",
					"@loader_path/Frameworks",
				);
				MARKETING_VERSION = 1.0;
				PRODUCT_BUNDLE_IDENTIFIER = com.zyn.mmTests;
				PRODUCT_NAME = "$(TARGET_NAME)";
				SWIFT_EMIT_LOC_STRINGS = NO;
				TARGETED_DEVICE_FAMILY = "1,2";
				TEST_HOST = "$(BUILT_PRODUCTS_DIR)/mm.app/mm";
			};
			name = Debug;
		};
		D7392F47282AA23700E5B148 /* Release */ = {
			isa = XCBuildConfiguration;
			baseConfigurationReference = DE5775028F79AE659089C523 /* Pods-mmTests.release.xcconfig */;
			buildSettings = {
				ALWAYS_EMBED_SWIFT_STANDARD_LIBRARIES = YES;
				BUNDLE_LOADER = "$(TEST_HOST)";
				CODE_SIGN_STYLE = Automatic;
				CURRENT_PROJECT_VERSION = 1;
				DEVELOPMENT_TEAM = UA62U3JARN;
				GENERATE_INFOPLIST_FILE = YES;
				IPHONEOS_DEPLOYMENT_TARGET = 15.0;
				LD_RUNPATH_SEARCH_PATHS = (
					"$(inherited)",
					"@executable_path/Frameworks",
					"@loader_path/Frameworks",
				);
				MARKETING_VERSION = 1.0;
				PRODUCT_BUNDLE_IDENTIFIER = com.zyn.mmTests;
				PRODUCT_NAME = "$(TARGET_NAME)";
				SWIFT_EMIT_LOC_STRINGS = NO;
				TARGETED_DEVICE_FAMILY = "1,2";
				TEST_HOST = "$(BUILT_PRODUCTS_DIR)/mm.app/mm";
			};
			name = Release;
		};
		D7392F49282AA23700E5B148 /* Debug */ = {
			isa = XCBuildConfiguration;
			baseConfigurationReference = C85EB61A8855FF8C9241D1A5 /* Pods-mm-mmUITests.debug.xcconfig */;
			buildSettings = {
				ALWAYS_EMBED_SWIFT_STANDARD_LIBRARIES = YES;
				CODE_SIGN_STYLE = Automatic;
				CURRENT_PROJECT_VERSION = 1;
				DEVELOPMENT_TEAM = UA62U3JARN;
				GENERATE_INFOPLIST_FILE = YES;
				LD_RUNPATH_SEARCH_PATHS = (
					"$(inherited)",
					"@executable_path/Frameworks",
					"@loader_path/Frameworks",
				);
				MARKETING_VERSION = 1.0;
				PRODUCT_BUNDLE_IDENTIFIER = com.zyn.mmUITests;
				PRODUCT_NAME = "$(TARGET_NAME)";
				SWIFT_EMIT_LOC_STRINGS = NO;
				TARGETED_DEVICE_FAMILY = "1,2";
				TEST_TARGET_NAME = mm;
			};
			name = Debug;
		};
		D7392F4A282AA23700E5B148 /* Release */ = {
			isa = XCBuildConfiguration;
			baseConfigurationReference = 1BBB91AEEB0251F707A52BA5 /* Pods-mm-mmUITests.release.xcconfig */;
			buildSettings = {
				ALWAYS_EMBED_SWIFT_STANDARD_LIBRARIES = YES;
				CODE_SIGN_STYLE = Automatic;
				CURRENT_PROJECT_VERSION = 1;
				DEVELOPMENT_TEAM = UA62U3JARN;
				GENERATE_INFOPLIST_FILE = YES;
				LD_RUNPATH_SEARCH_PATHS = (
					"$(inherited)",
					"@executable_path/Frameworks",
					"@loader_path/Frameworks",
				);
				MARKETING_VERSION = 1.0;
				PRODUCT_BUNDLE_IDENTIFIER = com.zyn.mmUITests;
				PRODUCT_NAME = "$(TARGET_NAME)";
				SWIFT_EMIT_LOC_STRINGS = NO;
				TARGETED_DEVICE_FAMILY = "1,2";
				TEST_TARGET_NAME = mm;
			};
			name = Release;
		};
/* End XCBuildConfiguration section */

/* Begin XCConfigurationList section */
		D7392F0E282AA23200E5B148 /* Build configuration list for PBXProject "mm" */ = {
			isa = XCConfigurationList;
			buildConfigurations = (
				D7392F40282AA23700E5B148 /* Debug */,
				D7392F41282AA23700E5B148 /* Release */,
			);
			defaultConfigurationIsVisible = 0;
			defaultConfigurationName = Release;
		};
		D7392F42282AA23700E5B148 /* Build configuration list for PBXNativeTarget "mm" */ = {
			isa = XCConfigurationList;
			buildConfigurations = (
				D7392F43282AA23700E5B148 /* Debug */,
				D7392F44282AA23700E5B148 /* Release */,
			);
			defaultConfigurationIsVisible = 0;
			defaultConfigurationName = Release;
		};
		D7392F45282AA23700E5B148 /* Build configuration list for PBXNativeTarget "mmTests" */ = {
			isa = XCConfigurationList;
			buildConfigurations = (
				D7392F46282AA23700E5B148 /* Debug */,
				D7392F47282AA23700E5B148 /* Release */,
			);
			defaultConfigurationIsVisible = 0;
			defaultConfigurationName = Release;
		};
		D7392F48282AA23700E5B148 /* Build configuration list for PBXNativeTarget "mmUITests" */ = {
			isa = XCConfigurationList;
			buildConfigurations = (
				D7392F49282AA23700E5B148 /* Debug */,
				D7392F4A282AA23700E5B148 /* Release */,
			);
			defaultConfigurationIsVisible = 0;
			defaultConfigurationName = Release;
		};
/* End XCConfigurationList section */
	};
	rootObject = D7392F0B282AA23200E5B148 /* Project object */;
}
