// !$*UTF8*$!
{
	archiveVersion = 1;
	classes = {
	};
	objectVersion = 55;
	objects = {

/* Begin PBXBuildFile section */
		3703DF912B2AF59A403BEC09 /* Pods_mm.framework in Frameworks */ = {isa = PBXBuildFile; fileRef = 214CCAD6167BEC2568074A94 /* Pods_mm.framework */; };
		B7F62E1A590185567E6D04C0 /* Pods_mm_mmUITests.framework in Frameworks */ = {isa = PBXBuildFile; fileRef = 83987029DAF87542A7D17EA4 /* Pods_mm_mmUITests.framework */; };
		D3BCE0E8AEE610888FF8D93C /* Pods_mmTests.framework in Frameworks */ = {isa = PBXBuildFile; fileRef = 0B2BB92D8DB9B28F4923F8A5 /* Pods_mmTests.framework */; };
		D7392F18282AA23200E5B148 /* AppDelegate.m in Sources */ = {isa = PBXBuildFile; fileRef = D7392F17282AA23200E5B148 /* AppDelegate.m */; };
		D7392F1B282AA23200E5B148 /* SceneDelegate.m in Sources */ = {isa = PBXBuildFile; fileRef = D7392F1A282AA23200E5B148 /* SceneDelegate.m */; };
		D7392F1E282AA23200E5B148 /* ViewController.m in Sources */ = {isa = PBXBuildFile; fileRef = D7392F1D282AA23200E5B148 /* ViewController.m */; };
		D7392F21282AA23200E5B148 /* Main.storyboard in Resources */ = {isa = PBXBuildFile; fileRef = D7392F1F282AA23200E5B148 /* Main.storyboard */; };
		D7392F23282AA23700E5B148 /* Assets.xcassets in Resources */ = {isa = PBXBuildFile; fileRef = D7392F22282AA23700E5B148 /* Assets.xcassets */; };
		D7392F26282AA23700E5B148 /* LaunchScreen.storyboard in Resources */ = {isa = PBXBuildFile; fileRef = D7392F24282AA23700E5B148 /* LaunchScreen.storyboard */; };
		D7392F29282AA23700E5B148 /* main.m in Sources */ = {isa = PBXBuildFile; fileRef = D7392F28282AA23700E5B148 /* main.m */; };
		D7392F33282AA23700E5B148 /* mmTests.m in Sources */ = {isa = PBXBuildFile; fileRef = D7392F32282AA23700E5B148 /* mmTests.m */; };
		D7392F3D282AA23700E5B148 /* mmUITests.m in Sources */ = {isa = PBXBuildFile; fileRef = D7392F3C282AA23700E5B148 /* mmUITests.m */; };
		D7392F3F282AA23700E5B148 /* mmUITestsLaunchTests.m in Sources */ = {isa = PBXBuildFile; fileRef = D7392F3E282AA23700E5B148 /* mmUITestsLaunchTests.m */; };
		D7DD02B92831460C00676ACE /* ZMMVideoViewController.swift in Sources */ = {isa = PBXBuildFile; fileRef = D7DD02B72831460C00676ACE /* ZMMVideoViewController.swift */; };
		D7DD02BA2831460C00676ACE /* ZMMVideoViewController.xib in Resources */ = {isa = PBXBuildFile; fileRef = D7DD02B82831460C00676ACE /* ZMMVideoViewController.xib */; };
		D7DD02BE2832976E00676ACE /* ZMMAudioViewController.m in Sources */ = {isa = PBXBuildFile; fileRef = D7DD02BC2832976E00676ACE /* ZMMAudioViewController.m */; };
		D7DD02BF2832976E00676ACE /* ZMMAudioViewController.xib in Resources */ = {isa = PBXBuildFile; fileRef = D7DD02BD2832976E00676ACE /* ZMMAudioViewController.xib */; };
		D7DD02C2283297B500676ACE /* ZMMTabBarController.m in Sources */ = {isa = PBXBuildFile; fileRef = D7DD02C1283297B500676ACE /* ZMMTabBarController.m */; };
/* End PBXBuildFile section */

/* Begin PBXContainerItemProxy section */
		D7392F2F282AA23700E5B148 /* PBXContainerItemProxy */ = {
			isa = PBXContainerItemProxy;
			containerPortal = D7392F0B282AA23200E5B148 /* Project object */;
			proxyType = 1;
			remoteGlobalIDString = D7392F12282AA23200E5B148;
			remoteInfo = mm;
		};
		D7392F39282AA23700E5B148 /* PBXContainerItemProxy */ = {
			isa = PBXContainerItemProxy;
			containerPortal = D7392F0B282AA23200E5B148 /* Project object */;
			proxyType = 1;
			remoteGlobalIDString = D7392F12282AA23200E5B148;
			remoteInfo = mm;
		};
/* End PBXContainerItemProxy section */

/* Begin PBXFileReference section */
		0B2BB92D8DB9B28F4923F8A5 /* Pods_mmTests.framework */ = {isa = PBXFileReference; explicitFileType = wrapper.framework; includeInIndex = 0; path = Pods_mmTests.framework; sourceTree = BUILT_PRODUCTS_DIR; };
		1BBB91AEEB0251F707A52BA5 /* Pods-mm-mmUITests.release.xcconfig */ = {isa = PBXFileReference; includeInIndex = 1; lastKnownFileType = text.xcconfig; name = "Pods-mm-mmUITests.release.xcconfig"; path = "Target Support Files/Pods-mm-mmUITests/Pods-mm-mmUITests.release.xcconfig"; sourceTree = "<group>"; };
		214CCAD6167BEC2568074A94 /* Pods_mm.framework */ = {isa = PBXFileReference; explicitFileType = wrapper.framework; includeInIndex = 0; path = Pods_mm.framework; sourceTree = BUILT_PRODUCTS_DIR; };
		733222A2A59980B185A24B28 /* Pods-mm.debug.xcconfig */ = {isa = PBXFileReference; includeInIndex = 1; lastKnownFileType = text.xcconfig; name = "Pods-mm.debug.xcconfig"; path = "Target Support Files/Pods-mm/Pods-mm.debug.xcconfig"; sourceTree = "<group>"; };
		83987029DAF87542A7D17EA4 /* Pods_mm_mmUITests.framework */ = {isa = PBXFileReference; explicitFileType = wrapper.framework; includeInIndex = 0; path = Pods_mm_mmUITests.framework; sourceTree = BUILT_PRODUCTS_DIR; };
		9350231A3F2C8898C6BF1078 /* Pods-mmTests.debug.xcconfig */ = {isa = PBXFileReference; includeInIndex = 1; lastKnownFileType = text.xcconfig; name = "Pods-mmTests.debug.xcconfig"; path = "Target Support Files/Pods-mmTests/Pods-mmTests.debug.xcconfig"; sourceTree = "<group>"; };
		B8ED2661F74D3A429787094C /* Pods-mm.release.xcconfig */ = {isa = PBXFileReference; includeInIndex = 1; lastKnownFileType = text.xcconfig; name = "Pods-mm.release.xcconfig"; path = "Target Support Files/Pods-mm/Pods-mm.release.xcconfig"; sourceTree = "<group>"; };
		C85EB61A8855FF8C9241D1A5 /* Pods-mm-mmUITests.debug.xcconfig */ = {isa = PBXFileReference; includeInIndex = 1; lastKnownFileType = text.xcconfig; name = "Pods-mm-mmUITests.debug.xcconfig"; path = "Target Support Files/Pods-mm-mmUITests/Pods-mm-mmUITests.debug.xcconfig"; sourceTree = "<group>"; };
		D7392F13282AA23200E5B148 /* mm.app */ = {isa = PBXFileReference; explicitFileType = wrapper.application; includeInIndex = 0; path = mm.app; sourceTree = BUILT_PRODUCTS_DIR; };
		D7392F16282AA23200E5B148 /* AppDelegate.h */ = {isa = PBXFileReference; lastKnownFileType = sourcecode.c.h; path = AppDelegate.h; sourceTree = "<group>"; };
		D7392F17282AA23200E5B148 /* AppDelegate.m */ = {isa = PBXFileReference; lastKnownFileType = sourcecode.c.objc; path = AppDelegate.m; sourceTree = "<group>"; };
		D7392F19282AA23200E5B148 /* SceneDelegate.h */ = {isa = PBXFileReference; lastKnownFileType = sourcecode.c.h; path = SceneDelegate.h; sourceTree = "<group>"; };
		D7392F1A282AA23200E5B148 /* SceneDelegate.m */ = {isa = PBXFileReference; lastKnownFileType = sourcecode.c.objc; path = SceneDelegate.m; sourceTree = "<group>"; };
		D7392F1C282AA23200E5B148 /* ViewController.h */ = {isa = PBXFileReference; lastKnownFileType = sourcecode.c.h; path = ViewController.h; sourceTree = "<group>"; };
		D7392F1D282AA23200E5B148 /* ViewController.m */ = {isa = PBXFileReference; lastKnownFileType = sourcecode.c.objc; path = ViewController.m; sourceTree = "<group>"; };
		D7392F20282AA23200E5B148 /* Base */ = {isa = PBXFileReference; lastKnownFileType = file.storyboard; name = Base; path = Base.lproj/Main.storyboard; sourceTree = "<group>"; };
		D7392F22282AA23700E5B148 /* Assets.xcassets */ = {isa = PBXFileReference; lastKnownFileType = folder.assetcatalog; path = Assets.xcassets; sourceTree = "<group>"; };
		D7392F25282AA23700E5B148 /* Base */ = {isa = PBXFileReference; lastKnownFileType = file.storyboard; name = Base; path = Base.lproj/LaunchScreen.storyboard; sourceTree = "<group>"; };
		D7392F27282AA23700E5B148 /* Info.plist */ = {isa = PBXFileReference; lastKnownFileType = text.plist.xml; path = Info.plist; sourceTree = "<group>"; };
		D7392F28282AA23700E5B148 /* main.m */ = {isa = PBXFileReference; lastKnownFileType = sourcecode.c.objc; path = main.m; sourceTree = "<group>"; };
		D7392F2E282AA23700E5B148 /* mmTests.xctest */ = {isa = PBXFileReference; explicitFileType = wrapper.cfbundle; includeInIndex = 0; path = mmTests.xctest; sourceTree = BUILT_PRODUCTS_DIR; };
		D7392F32282AA23700E5B148 /* mmTests.m */ = {isa = PBXFileReference; lastKnownFileType = sourcecode.c.objc; path = mmTests.m; sourceTree = "<group>"; };
		D7392F38282AA23700E5B148 /* mmUITests.xctest */ = {isa = PBXFileReference; explicitFileType = wrapper.cfbundle; includeInIndex = 0; path = mmUITests.xctest; sourceTree = BUILT_PRODUCTS_DIR; };
		D7392F3C282AA23700E5B148 /* mmUITests.m */ = {isa = PBXFileReference; lastKnownFileType = sourcecode.c.objc; path = mmUITests.m; sourceTree = "<group>"; };
		D7392F3E282AA23700E5B148 /* mmUITestsLaunchTests.m */ = {isa = PBXFileReference; lastKnownFileType = sourcecode.c.objc; path = mmUITestsLaunchTests.m; sourceTree = "<group>"; };
		D7DD02B62831460C00676ACE /* mm-Bridging-Header.h */ = {isa = PBXFileReference; lastKnownFileType = sourcecode.c.h; path = "mm-Bridging-Header.h"; sourceTree = "<group>"; };
		D7DD02B72831460C00676ACE /* ZMMVideoViewController.swift */ = {isa = PBXFileReference; lastKnownFileType = sourcecode.swift; path = ZMMVideoViewController.swift; sourceTree = "<group>"; };
		D7DD02B82831460C00676ACE /* ZMMVideoViewController.xib */ = {isa = PBXFileReference; lastKnownFileType = file.xib; path = ZMMVideoViewController.xib; sourceTree = "<group>"; };
		D7DD02BB2832976E00676ACE /* ZMMAudioViewController.h */ = {isa = PBXFileReference; lastKnownFileType = sourcecode.c.h; path = ZMMAudioViewController.h; sourceTree = "<group>"; };
		D7DD02BC2832976E00676ACE /* ZMMAudioViewController.m */ = {isa = PBXFileReference; lastKnownFileType = sourcecode.c.objc; path = ZMMAudioViewController.m; sourceTree = "<group>"; };
		D7DD02BD2832976E00676ACE /* ZMMAudioViewController.xib */ = {isa = PBXFileReference; lastKnownFileType = file.xib; path = ZMMAudioViewController.xib; sourceTree = "<group>"; };
		D7DD02C0283297B500676ACE /* ZMMTabBarController.h */ = {isa = PBXFileReference; lastKnownFileType = sourcecode.c.h; path = ZMMTabBarController.h; sourceTree = "<group>"; };
		D7DD02C1283297B500676ACE /* ZMMTabBarController.m */ = {isa = PBXFileReference; lastKnownFileType = sourcecode.c.objc; path = ZMMTabBarController.m; sourceTree = "<group>"; };
		DE5775028F79AE659089C523 /* Pods-mmTests.release.xcconfig */ = {isa = PBXFileReference; includeInIndex = 1; lastKnownFileType = text.xcconfig; name = "Pods-mmTests.release.xcconfig"; path = "Target Support Files/Pods-mmTests/Pods-mmTests.release.xcconfig"; sourceTree = "<group>"; };
/* End PBXFileReference section */

/* Begin PBXFrameworksBuildPhase section */
		D7392F10282AA23200E5B148 /* Frameworks */ = {
			isa = PBXFrameworksBuildPhase;
			buildActionMask = 2147483647;
			files = (
				3703DF912B2AF59A403BEC09 /* Pods_mm.framework in Frameworks */,
			);
			runOnlyForDeploymentPostprocessing = 0;
		};
		D7392F2B282AA23700E5B148 /* Frameworks */ = {
			isa = PBXFrameworksBuildPhase;
			buildActionMask = 2147483647;
			files = (
				D3BCE0E8AEE610888FF8D93C /* Pods_mmTests.framework in Frameworks */,
			);
			runOnlyForDeploymentPostprocessing = 0;
		};
		D7392F35282AA23700E5B148 /* Frameworks */ = {
			isa = PBXFrameworksBuildPhase;
			buildActionMask = 2147483647;
			files = (
				B7F62E1A590185567E6D04C0 /* Pods_mm_mmUITests.framework in Frameworks */,
			);
			runOnlyForDeploymentPostprocessing = 0;
		};
/* End PBXFrameworksBuildPhase section */

/* Begin PBXGroup section */
		C71088ACC4A7DE3AEF5A35F9 /* Pods */ = {
			isa = PBXGroup;
			children = (
				733222A2A59980B185A24B28 /* Pods-mm.debug.xcconfig */,
				B8ED2661F74D3A429787094C /* Pods-mm.release.xcconfig */,
				C85EB61A8855FF8C9241D1A5 /* Pods-mm-mmUITests.debug.xcconfig */,
				1BBB91AEEB0251F707A52BA5 /* Pods-mm-mmUITests.release.xcconfig */,
				9350231A3F2C8898C6BF1078 /* Pods-mmTests.debug.xcconfig */,
				DE5775028F79AE659089C523 /* Pods-mmTests.release.xcconfig */,
			);
			path = Pods;
			sourceTree = "<group>";
		};
		D7392F0A282AA23100E5B148 = {
			isa = PBXGroup;
			children = (
				D7392F15282AA23200E5B148 /* mm */,
				D7392F31282AA23700E5B148 /* mmTests */,
				D7392F3B282AA23700E5B148 /* mmUITests */,
				D7392F14282AA23200E5B148 /* Products */,
				C71088ACC4A7DE3AEF5A35F9 /* Pods */,
				FCB8108EFD7319E55BCCB1D1 /* Frameworks */,
			);
			sourceTree = "<group>";
		};
		D7392F14282AA23200E5B148 /* Products */ = {
			isa = PBXGroup;
			children = (
				D7392F13282AA23200E5B148 /* mm.app */,
				D7392F2E282AA23700E5B148 /* mmTests.xctest */,
				D7392F38282AA23700E5B148 /* mmUITests.xctest */,
			);
			name = Products;
			sourceTree = "<group>";
		};
		D7392F15282AA23200E5B148 /* mm */ = {
			isa = PBXGroup;
			children = (
				D7DD02B22831459C00676ACE /* audio */,
				D7DD02B32831459C00676ACE /* video */,
				D7DD02B42831459C00676ACE /* reader */,
				D7DD02B52831459C00676ACE /* photo */,
				D7392F16282AA23200E5B148 /* AppDelegate.h */,
				D7392F17282AA23200E5B148 /* AppDelegate.m */,
				D7392F19282AA23200E5B148 /* SceneDelegate.h */,
				D7392F1A282AA23200E5B148 /* SceneDelegate.m */,
				D7392F1C282AA23200E5B148 /* ViewController.h */,
				D7392F1D282AA23200E5B148 /* ViewController.m */,
				D7DD02C0283297B500676ACE /* ZMMTabBarController.h */,
				D7DD02C1283297B500676ACE /* ZMMTabBarController.m */,
				D7392F1F282AA23200E5B148 /* Main.storyboard */,
				D7392F22282AA23700E5B148 /* Assets.xcassets */,
				D7392F24282AA23700E5B148 /* LaunchScreen.storyboard */,
				D7392F27282AA23700E5B148 /* Info.plist */,
				D7392F28282AA23700E5B148 /* main.m */,
			);
			path = mm;
			sourceTree = "<group>";
		};
		D7392F31282AA23700E5B148 /* mmTests */ = {
			isa = PBXGroup;
			children = (
				D7392F32282AA23700E5B148 /* mmTests.m */,
			);
			path = mmTests;
			sourceTree = "<group>";
		};
		D7392F3B282AA23700E5B148 /* mmUITests */ = {
			isa = PBXGroup;
			children = (
				D7392F3C282AA23700E5B148 /* mmUITests.m */,
				D7392F3E282AA23700E5B148 /* mmUITestsLaunchTests.m */,
			);
			path = mmUITests;
			sourceTree = "<group>";
		};
		D7DD02B22831459C00676ACE /* audio */ = {
			isa = PBXGroup;
			children = (
				D7DD02BB2832976E00676ACE /* ZMMAudioViewController.h */,
				D7DD02BC2832976E00676ACE /* ZMMAudioViewController.m */,
				D7DD02BD2832976E00676ACE /* ZMMAudioViewController.xib */,
			);
			path = audio;
			sourceTree = "<group>";
		};
		D7DD02B32831459C00676ACE /* video */ = {
			isa = PBXGroup;
			children = (
				D7DD02B72831460C00676ACE /* ZMMVideoViewController.swift */,
				D7DD02B82831460C00676ACE /* ZMMVideoViewController.xib */,
				D7DD02B62831460C00676ACE /* mm-Bridging-Header.h */,
			);
			path = video;
			sourceTree = "<group>";
		};
		D7DD02B42831459C00676ACE /* reader */ = {
			isa = PBXGroup;
			children = (
			);
			path = reader;
			sourceTree = "<group>";
		};
		D7DD02B52831459C00676ACE /* photo */ = {
			isa = PBXGroup;
			children = (
			);
			path = photo;
			sourceTree = "<group>";
		};
		FCB8108EFD7319E55BCCB1D1 /* Frameworks */ = {
			isa = PBXGroup;
			children = (
				214CCAD6167BEC2568074A94 /* Pods_mm.framework */,
				83987029DAF87542A7D17EA4 /* Pods_mm_mmUITests.framework */,
				0B2BB92D8DB9B28F4923F8A5 /* Pods_mmTests.framework */,
			);
			name = Frameworks;
			sourceTree = "<group>";
		};
/* End PBXGroup section */

/* Begin PBXNativeTarget section */
		D7392F12282AA23200E5B148 /* mm */ = {
			isa = PBXNativeTarget;
			buildConfigurationList = D7392F42282AA23700E5B148 /* Build configuration list for PBXNativeTarget "mm" */;
			buildPhases = (
				4CA478E6F2B77EB1799D598F /* [CP] Check Pods Manifest.lock */,
				D7392F0F282AA23200E5B148 /* Sources */,
				D7392F10282AA23200E5B148 /* Frameworks */,
				D7392F11282AA23200E5B148 /* Resources */,
			);
			buildRules = (
			);
			dependencies = (
			);
			name = mm;
			productName = mm;
			productReference = D7392F13282AA23200E5B148 /* mm.app */;
			productType = "com.apple.product-type.application";
		};
		D7392F2D282AA23700E5B148 /* mmTests */ = {
			isa = PBXNativeTarget;
			buildConfigurationList = D7392F45282AA23700E5B148 /* Build configuration list for PBXNativeTarget "mmTests" */;
			buildPhases = (
				A6714F33E64834DB91056C78 /* [CP] Check Pods Manifest.lock */,
				D7392F2A282AA23700E5B148 /* Sources */,
				D7392F2B282AA23700E5B148 /* Frameworks */,
				D7392F2C282AA23700E5B148 /* Resources */,
				E5C9B263F78A65F93CB7B471 /* [CP] Embed Pods Frameworks */,
			);
			buildRules = (
			);
			dependencies = (
				D7392F30282AA23700E5B148 /* PBXTargetDependency */,
			);
			name = mmTests;
			productName = mmTests;
			productReference = D7392F2E282AA23700E5B148 /* mmTests.xctest */;
			productType = "com.apple.product-type.bundle.unit-test";
		};
		D7392F37282AA23700E5B148 /* mmUITests */ = {
			isa = PBXNativeTarget;
			buildConfigurationList = D7392F48282AA23700E5B148 /* Build configuration list for PBXNativeTarget "mmUITests" */;
			buildPhases = (
				099F750A76ABC19F0B2C7589 /* [CP] Check Pods Manifest.lock */,
				D7392F34282AA23700E5B148 /* Sources */,
				D7392F35282AA23700E5B148 /* Frameworks */,
				D7392F36282AA23700E5B148 /* Resources */,
			);
			buildRules = (
			);
			dependencies = (
				D7392F3A282AA23700E5B148 /* PBXTargetDependency */,
			);
			name = mmUITests;
			productName = mmUITests;
			productReference = D7392F38282AA23700E5B148 /* mmUITests.xctest */;
			productType = "com.apple.product-type.bundle.ui-testing";
		};
/* End PBXNativeTarget section */

/* Begin PBXProject section */
		D7392F0B282AA23200E5B148 /* Project object */ = {
			isa = PBXProject;
			attributes = {
				BuildIndependentTargetsInParallel = 1;
				CLASSPREFIX = ZMM;
				LastUpgradeCheck = 1300;
				TargetAttributes = {
					D7392F12282AA23200E5B148 = {
						CreatedOnToolsVersion = 13.0;
						LastSwiftMigration = 1300;
					};
					D7392F2D282AA23700E5B148 = {
						CreatedOnToolsVersion = 13.0;
						TestTargetID = D7392F12282AA23200E5B148;
					};
					D7392F37282AA23700E5B148 = {
						CreatedOnToolsVersion = 13.0;
						TestTargetID = D7392F12282AA23200E5B148;
					};
				};
			};
			buildConfigurationList = D7392F0E282AA23200E5B148 /* Build configuration list for PBXProject "mm" */;
			compatibilityVersion = "Xcode 13.0";
			developmentRegion = en;
			hasScannedForEncodings = 0;
			knownRegions = (
				en,
				Base,
			);
			mainGroup = D7392F0A282AA23100E5B148;
			productRefGroup = D7392F14282AA23200E5B148 /* Products */;
			projectDirPath = "";
			projectRoot = "";
			targets = (
				D7392F12282AA23200E5B148 /* mm */,
				D7392F2D282AA23700E5B148 /* mmTests */,
				D7392F37282AA23700E5B148 /* mmUITests */,
			);
		};
/* End PBXProject section */

/* Begin PBXResourcesBuildPhase section */
		D7392F11282AA23200E5B148 /* Resources */ = {
			isa = PBXResourcesBuildPhase;
			buildActionMask = 2147483647;
			files = (
				D7392F26282AA23700E5B148 /* LaunchScreen.storyboard in Resources */,
				D7DD02BF2832976E00676ACE /* ZMMAudioViewController.xib in Resources */,
				D7DD02BA2831460C00676ACE /* ZMMVideoViewController.xib in Resources */,
				D7392F23282AA23700E5B148 /* Assets.xcassets in Resources */,
				D7392F21282AA23200E5B148 /* Main.storyboard in Resources */,
			);
			runOnlyForDeploymentPostprocessing = 0;
		};
		D7392F2C282AA23700E5B148 /* Resources */ = {
			isa = PBXResourcesBuildPhase;
			buildActionMask = 2147483647;
			files = (
			);
			runOnlyForDeploymentPostprocessing = 0;
		};
		D7392F36282AA23700E5B148 /* Resources */ = {
			isa = PBXResourcesBuildPhase;
			buildActionMask = 2147483647;
			files = (
			);
			runOnlyForDeploymentPostprocessing = 0;
		};
/* End PBXResourcesBuildPhase section */

/* Begin PBXShellScriptBuildPhase section */
		099F750A76ABC19F0B2C7589 /* [CP] Check Pods Manifest.lock */ = {
			isa = PBXShellScriptBuildPhase;
			buildActionMask = 2147483647;
			files = (
			);
			inputFileListPaths = (
			);
			inputPaths = (
				"${PODS_PODFILE_DIR_PATH}/Podfile.lock",
				"${PODS_ROOT}/Manifest.lock",
			);
			name = "[CP] Check Pods Manifest.lock";
			outputFileListPaths = (
			);
			outputPaths = (
				"$(DERIVED_FILE_DIR)/Pods-mm-mmUITests-checkManifestLockResult.txt",
			);
			runOnlyForDeploymentPostprocessing = 0;
			shellPath = /bin/sh;
			shellScript = "diff \"${PODS_PODFILE_DIR_PATH}/Podfile.lock\" \"${PODS_ROOT}/Manifest.lock\" > /dev/null\nif [ $? != 0 ] ; then\n    # print error to STDERR\n    echo \"error: The sandbox is not in sync with the Podfile.lock. Run 'pod install' or update your CocoaPods installation.\" >&2\n    exit 1\nfi\n# This output is used by Xcode 'outputs' to avoid re-running this script phase.\necho \"SUCCESS\" > \"${SCRIPT_OUTPUT_FILE_0}\"\n";
			showEnvVarsInLog = 0;
		};
		4CA478E6F2B77EB1799D598F /* [CP] Check Pods Manifest.lock */ = {
			isa = PBXShellScriptBuildPhase;
			buildActionMask = 2147483647;
			files = (
			);
			inputFileListPaths = (
			);
			inputPaths = (
				"${PODS_PODFILE_DIR_PATH}/Podfile.lock",
				"${PODS_ROOT}/Manifest.lock",
			);
			name = "[CP] Check Pods Manifest.lock";
			outputFileListPaths = (
			);
			outputPaths = (
				"$(DERIVED_FILE_DIR)/Pods-mm-checkManifestLockResult.txt",
			);
			runOnlyForDeploymentPostprocessing = 0;
			shellPath = /bin/sh;
			shellScript = "diff \"${PODS_PODFILE_DIR_PATH}/Podfile.lock\" \"${PODS_ROOT}/Manifest.lock\" > /dev/null\nif [ $? != 0 ] ; then\n    # print error to STDERR\n    echo \"error: The sandbox is not in sync with the Podfile.lock. Run 'pod install' or update your CocoaPods installation.\" >&2\n    exit 1\nfi\n# This output is used by Xcode 'outputs' to avoid re-running this script phase.\necho \"SUCCESS\" > \"${SCRIPT_OUTPUT_FILE_0}\"\n";
			showEnvVarsInLog = 0;
		};
		A6714F33E64834DB91056C78 /* [CP] Check Pods Manifest.lock */ = {
			isa = PBXShellScriptBuildPhase;
			buildActionMask = 2147483647;
			files = (
			);
			inputFileListPaths = (
			);
			inputPaths = (
				"${PODS_PODFILE_DIR_PATH}/Podfile.lock",
				"${PODS_ROOT}/Manifest.lock",
			);
			name = "[CP] Check Pods Manifest.lock";
			outputFileListPaths = (
			);
			outputPaths = (
				"$(DERIVED_FILE_DIR)/Pods-mmTests-checkManifestLockResult.txt",
			);
			runOnlyForDeploymentPostprocessing = 0;
			shellPath = /bin/sh;
			shellScript = "diff \"${PODS_PODFILE_DIR_PATH}/Podfile.lock\" \"${PODS_ROOT}/Manifest.lock\" > /dev/null\nif [ $? != 0 ] ; then\n    # print error to STDERR\n    echo \"error: The sandbox is not in sync with the Podfile.lock. Run 'pod install' or update your CocoaPods installation.\" >&2\n    exit 1\nfi\n# This output is used by Xcode 'outputs' to avoid re-running this script phase.\necho \"SUCCESS\" > \"${SCRIPT_OUTPUT_FILE_0}\"\n";
			showEnvVarsInLog = 0;
		};
		E5C9B263F78A65F93CB7B471 /* [CP] Embed Pods Frameworks */ = {
			isa = PBXShellScriptBuildPhase;
			buildActionMask = 2147483647;
			files = (
			);
			inputFileListPaths = (
				"${PODS_ROOT}/Target Support Files/Pods-mmTests/Pods-mmTests-frameworks-${CONFIGURATION}-input-files.xcfilelist",
			);
			name = "[CP] Embed Pods Frameworks";
			outputFileListPaths = (
				"${PODS_ROOT}/Target Support Files/Pods-mmTests/Pods-mmTests-frameworks-${CONFIGURATION}-output-files.xcfilelist",
			);
			runOnlyForDeploymentPostprocessing = 0;
			shellPath = /bin/sh;
			shellScript = "\"${PODS_ROOT}/Target Support Files/Pods-mmTests/Pods-mmTests-frameworks.sh\"\n";
			showEnvVarsInLog = 0;
		};
/* End PBXShellScriptBuildPhase section */

/* Begin PBXSourcesBuildPhase section */
		D7392F0F282AA23200E5B148 /* Sources */ = {
			isa = PBXSourcesBuildPhase;
			buildActionMask = 2147483647;
			files = (
				D7DD02C2283297B500676ACE /* ZMMTabBarController.m in Sources */,
				D7392F1E282AA23200E5B148 /* ViewController.m in Sources */,
				D7392F18282AA23200E5B148 /* AppDelegate.m in Sources */,
				D7DD02BE2832976E00676ACE /* ZMMAudioViewController.m in Sources */,
				D7DD02B92831460C00676ACE /* ZMMVideoViewController.swift in Sources */,
				D7392F29282AA23700E5B148 /* main.m in Sources */,
				D7392F1B282AA23200E5B148 /* SceneDelegate.m in Sources */,
			);
			runOnlyForDeploymentPostprocessing = 0;
		};
		D7392F2A282AA23700E5B148 /* Sources */ = {
			isa = PBXSourcesBuildPhase;
			buildActionMask = 2147483647;
			files = (
				D7392F33282AA23700E5B148 /* mmTests.m in Sources */,
			);
			runOnlyForDeploymentPostprocessing = 0;
		};
		D7392F34282AA23700E5B148 /* Sources */ = {
			isa = PBXSourcesBuildPhase;
			buildActionMask = 2147483647;
			files = (
				D7392F3F282AA23700E5B148 /* mmUITestsLaunchTests.m in Sources */,
				D7392F3D282AA23700E5B148 /* mmUITests.m in Sources */,
			);
			runOnlyForDeploymentPostprocessing = 0;
		};
/* End PBXSourcesBuildPhase section */

/* Begin PBXTargetDependency section */
		D7392F30282AA23700E5B148 /* PBXTargetDependency */ = {
			isa = PBXTargetDependency;
			target = D7392F12282AA23200E5B148 /* mm */;
			targetProxy = D7392F2F282AA23700E5B148 /* PBXContainerItemProxy */;
		};
		D7392F3A282AA23700E5B148 /* PBXTargetDependency */ = {
			isa = PBXTargetDependency;
			target = D7392F12282AA23200E5B148 /* mm */;
			targetProxy = D7392F39282AA23700E5B148 /* PBXContainerItemProxy */;
		};
/* End PBXTargetDependency section */

/* Begin PBXVariantGroup section */
		D7392F1F282AA23200E5B148 /* Main.storyboard */ = {
			isa = PBXVariantGroup;
			children = (
				D7392F20282AA23200E5B148 /* Base */,
			);
			name = Main.storyboard;
			sourceTree = "<group>";
		};
		D7392F24282AA23700E5B148 /* LaunchScreen.storyboard */ = {
			isa = PBXVariantGroup;
			children = (
				D7392F25282AA23700E5B148 /* Base */,
			);
			name = LaunchScreen.storyboard;
			sourceTree = "<group>";
		};
/* End PBXVariantGroup section */

/* Begin XCBuildConfiguration section */
		D7392F40282AA23700E5B148 /* Debug */ = {
			isa = XCBuildConfiguration;
			buildSettings = {
				ALWAYS_SEARCH_USER_PATHS = NO;
				CLANG_ANALYZER_NONNULL = YES;
				CLANG_ANALYZER_NUMBER_OBJECT_CONVERSION = YES_AGGRESSIVE;
				CLANG_CXX_LANGUAGE_STANDARD = "gnu++17";
				CLANG_CXX_LIBRARY = "libc++";
				CLANG_ENABLE_MODULES = YES;
				CLANG_ENABLE_OBJC_ARC = YES;
				CLANG_ENABLE_OBJC_WEAK = YES;
				CLANG_WARN_BLOCK_CAPTURE_AUTORELEASING = YES;
				CLANG_WARN_BOOL_CONVERSION = YES;
				CLANG_WARN_COMMA = YES;
				CLANG_WARN_CONSTANT_CONVERSION = YES;
				CLANG_WARN_DEPRECATED_OBJC_IMPLEMENTATIONS = YES;
				CLANG_WARN_DIRECT_OBJC_ISA_USAGE = YES_ERROR;
				CLANG_WARN_DOCUMENTATION_COMMENTS = YES;
				CLANG_WARN_EMPTY_BODY = YES;
				CLANG_WARN_ENUM_CONVERSION = YES;
				CLANG_WARN_INFINITE_RECURSION = YES;
				CLANG_WARN_INT_CONVERSION = YES;
				CLANG_WARN_NON_LITERAL_NULL_CONVERSION = YES;
				CLANG_WARN_OBJC_IMPLICIT_RETAIN_SELF = YES;
				CLANG_WARN_OBJC_LITERAL_CONVERSION = YES;
				CLANG_WARN_OBJC_ROOT_CLASS = YES_ERROR;
				CLANG_WARN_QUOTED_INCLUDE_IN_FRAMEWORK_HEADER = YES;
				CLANG_WARN_RANGE_LOOP_ANALYSIS = YES;
				CLANG_WARN_STRICT_PROTOTYPES = YES;
				CLANG_WARN_SUSPICIOUS_MOVE = YES;
				CLANG_WARN_UNGUARDED_AVAILABILITY = YES_AGGRESSIVE;
				CLANG_WARN_UNREACHABLE_CODE = YES;
				CLANG_WARN__DUPLICATE_METHOD_MATCH = YES;
				COPY_PHASE_STRIP = NO;
				DEBUG_INFORMATION_FORMAT = dwarf;
				ENABLE_STRICT_OBJC_MSGSEND = YES;
				ENABLE_TESTABILITY = YES;
				GCC_C_LANGUAGE_STANDARD = gnu11;
				GCC_DYNAMIC_NO_PIC = NO;
				GCC_NO_COMMON_BLOCKS = YES;
				GCC_OPTIMIZATION_LEVEL = 0;
				GCC_PREPROCESSOR_DEFINITIONS = (
					"DEBUG=1",
					"$(inherited)",
				);
				GCC_WARN_64_TO_32_BIT_CONVERSION = YES;
				GCC_WARN_ABOUT_RETURN_TYPE = YES_ERROR;
				GCC_WARN_UNDECLARED_SELECTOR = YES;
				GCC_WARN_UNINITIALIZED_AUTOS = YES_AGGRESSIVE;
				GCC_WARN_UNUSED_FUNCTION = YES;
				GCC_WARN_UNUSED_VARIABLE = YES;
				IPHONEOS_DEPLOYMENT_TARGET = 15.0;
				MTL_ENABLE_DEBUG_INFO = INCLUDE_SOURCE;
				MTL_FAST_MATH = YES;
				ONLY_ACTIVE_ARCH = YES;
				SDKROOT = iphoneos;
			};
			name = Debug;
		};
		D7392F41282AA23700E5B148 /* Release */ = {
			isa = XCBuildConfiguration;
			buildSettings = {
				ALWAYS_SEARCH_USER_PATHS = NO;
				CLANG_ANALYZER_NONNULL = YES;
				CLANG_ANALYZER_NUMBER_OBJECT_CONVERSION = YES_AGGRESSIVE;
				CLANG_CXX_LANGUAGE_STANDARD = "gnu++17";
				CLANG_CXX_LIBRARY = "libc++";
				CLANG_ENABLE_MODULES = YES;
				CLANG_ENABLE_OBJC_ARC = YES;
				CLANG_ENABLE_OBJC_WEAK = YES;
				CLANG_WARN_BLOCK_CAPTURE_AUTORELEASING = YES;
				CLANG_WARN_BOOL_CONVERSION = YES;
				CLANG_WARN_COMMA = YES;
				CLANG_WARN_CONSTANT_CONVERSION = YES;
				CLANG_WARN_DEPRECATED_OBJC_IMPLEMENTATIONS = YES;
				CLANG_WARN_DIRECT_OBJC_ISA_USAGE = YES_ERROR;
				CLANG_WARN_DOCUMENTATION_COMMENTS = YES;
				CLANG_WARN_EMPTY_BODY = YES;
				CLANG_WARN_ENUM_CONVERSION = YES;
				CLANG_WARN_INFINITE_RECURSION = YES;
				CLANG_WARN_INT_CONVERSION = YES;
				CLANG_WARN_NON_LITERAL_NULL_CONVERSION = YES;
				CLANG_WARN_OBJC_IMPLICIT_RETAIN_SELF = YES;
				CLANG_WARN_OBJC_LITERAL_CONVERSION = YES;
				CLANG_WARN_OBJC_ROOT_CLASS = YES_ERROR;
				CLANG_WARN_QUOTED_INCLUDE_IN_FRAMEWORK_HEADER = YES;
				CLANG_WARN_RANGE_LOOP_ANALYSIS = YES;
				CLANG_WARN_STRICT_PROTOTYPES = YES;
				CLANG_WARN_SUSPICIOUS_MOVE = YES;
				CLANG_WARN_UNGUARDED_AVAILABILITY = YES_AGGRESSIVE;
				CLANG_WARN_UNREACHABLE_CODE = YES;
				CLANG_WARN__DUPLICATE_METHOD_MATCH = YES;
				COPY_PHASE_STRIP = NO;
				DEBUG_INFORMATION_FORMAT = "dwarf-with-dsym";
				ENABLE_NS_ASSERTIONS = NO;
				ENABLE_STRICT_OBJC_MSGSEND = YES;
				GCC_C_LANGUAGE_STANDARD = gnu11;
				GCC_NO_COMMON_BLOCKS = YES;
				GCC_WARN_64_TO_32_BIT_CONVERSION = YES;
				GCC_WARN_ABOUT_RETURN_TYPE = YES_ERROR;
				GCC_WARN_UNDECLARED_SELECTOR = YES;
				GCC_WARN_UNINITIALIZED_AUTOS = YES_AGGRESSIVE;
				GCC_WARN_UNUSED_FUNCTION = YES;
				GCC_WARN_UNUSED_VARIABLE = YES;
				IPHONEOS_DEPLOYMENT_TARGET = 15.0;
				MTL_ENABLE_DEBUG_INFO = NO;
				MTL_FAST_MATH = YES;
				SDKROOT = iphoneos;
				VALIDATE_PRODUCT = YES;
			};
			name = Release;
		};
		D7392F43282AA23700E5B148 /* Debug */ = {
			isa = XCBuildConfiguration;
			baseConfigurationReference = 733222A2A59980B185A24B28 /* Pods-mm.debug.xcconfig */;
			buildSettings = {
				ASSETCATALOG_COMPILER_APPICON_NAME = AppIcon;
				ASSETCATALOG_COMPILER_GLOBAL_ACCENT_COLOR_NAME = AccentColor;
				CLANG_ENABLE_MODULES = YES;
				CODE_SIGN_STYLE = Automatic;
				CURRENT_PROJECT_VERSION = 1;
				DEVELOPMENT_TEAM = UA62U3JARN;
				GENERATE_INFOPLIST_FILE = YES;
				INFOPLIST_FILE = mm/Info.plist;
				INFOPLIST_KEY_UIApplicationSupportsIndirectInputEvents = YES;
				INFOPLIST_KEY_UILaunchStoryboardName = LaunchScreen;
				INFOPLIST_KEY_UIMainStoryboardFile = Main;
				INFOPLIST_KEY_UISupportedInterfaceOrientations = UIInterfaceOrientationPortrait;
				INFOPLIST_KEY_UISupportedInterfaceOrientations_iPad = "UIInterfaceOrientationPortrait UIInterfaceOrientationPortraitUpsideDown UIInterfaceOrientationLandscapeLeft UIInterfaceOrientationLandscapeRight";
				INFOPLIST_KEY_UISupportedInterfaceOrientations_iPhone = "UIInterfaceOrientationPortrait UIInterfaceOrientationLandscapeLeft UIInterfaceOrientationLandscapeRight";
				IPHONEOS_DEPLOYMENT_TARGET = 13.0;
				LD_RUNPATH_SEARCH_PATHS = (
					"$(inherited)",
					"@executable_path/Frameworks",
				);
				MARKETING_VERSION = 1.0;
				PRODUCT_BUNDLE_IDENTIFIER = com.zyn.mm;
				PRODUCT_NAME = "$(TARGET_NAME)";
				SWIFT_EMIT_LOC_STRINGS = YES;
				SWIFT_OBJC_BRIDGING_HEADER = "mm/video/mm-Bridging-Header.h";
				SWIFT_OPTIMIZATION_LEVEL = "-Onone";
				SWIFT_VERSION = 5.0;
				TARGETED_DEVICE_FAMILY = 1;
			};
			name = Debug;
		};
		D7392F44282AA23700E5B148 /* Release */ = {
			isa = XCBuildConfiguration;
			baseConfigurationReference = B8ED2661F74D3A429787094C /* Pods-mm.release.xcconfig */;
			buildSettings = {
				ASSETCATALOG_COMPILER_APPICON_NAME = AppIcon;
				ASSETCATALOG_COMPILER_GLOBAL_ACCENT_COLOR_NAME = AccentColor;
				CLANG_ENABLE_MODULES = YES;
				CODE_SIGN_STYLE = Automatic;
				CURRENT_PROJECT_VERSION = 1;
				DEVELOPMENT_TEAM = UA62U3JARN;
				GENERATE_INFOPLIST_FILE = YES;
				INFOPLIST_FILE = mm/Info.plist;
				INFOPLIST_KEY_UIApplicationSupportsIndirectInputEvents = YES;
				INFOPLIST_KEY_UILaunchStoryboardName = LaunchScreen;
				INFOPLIST_KEY_UIMainStoryboardFile = Main;
				INFOPLIST_KEY_UISupportedInterfaceOrientations = UIInterfaceOrientationPortrait;
				INFOPLIST_KEY_UISupportedInterfaceOrientations_iPad = "UIInterfaceOrientationPortrait UIInterfaceOrientationPortraitUpsideDown UIInterfaceOrientationLandscapeLeft UIInterfaceOrientationLandscapeRight";
				INFOPLIST_KEY_UISupportedInterfaceOrientations_iPhone = "UIInterfaceOrientationPortrait UIInterfaceOrientationLandscapeLeft UIInterfaceOrientationLandscapeRight";
				IPHONEOS_DEPLOYMENT_TARGET = 13.0;
				LD_RUNPATH_SEARCH_PATHS = (
					"$(inherited)",
					"@executable_path/Frameworks",
				);
				MARKETING_VERSION = 1.0;
				PRODUCT_BUNDLE_IDENTIFIER = com.zyn.mm;
				PRODUCT_NAME = "$(TARGET_NAME)";
				SWIFT_EMIT_LOC_STRINGS = YES;
				SWIFT_OBJC_BRIDGING_HEADER = "mm/video/mm-Bridging-Header.h";
				SWIFT_VERSION = 5.0;
				TARGETED_DEVICE_FAMILY = 1;
			};
			name = Release;
		};
		D7392F46282AA23700E5B148 /* Debug */ = {
			isa = XCBuildConfiguration;
			baseConfigurationReference = 9350231A3F2C8898C6BF1078 /* Pods-mmTests.debug.xcconfig */;
			buildSettings = {
				ALWAYS_EMBED_SWIFT_STANDARD_LIBRARIES = YES;
				BUNDLE_LOADER = "$(TEST_HOST)";
				CODE_SIGN_STYLE = Automatic;
				CURRENT_PROJECT_VERSION = 1;
				DEVELOPMENT_TEAM = UA62U3JARN;
				GENERATE_INFOPLIST_FILE = YES;
				IPHONEOS_DEPLOYMENT_TARGET = 15.0;
				LD_RUNPATH_SEARCH_PATHS = (
					"$(inherited)",
					"@executable_path/Frameworks",
					"@loader_path/Frameworks",
				);
				MARKETING_VERSION = 1.0;
				PRODUCT_BUNDLE_IDENTIFIER = com.zyn.mmTests;
				PRODUCT_NAME = "$(TARGET_NAME)";
				SWIFT_EMIT_LOC_STRINGS = NO;
				TARGETED_DEVICE_FAMILY = "1,2";
				TEST_HOST = "$(BUILT_PRODUCTS_DIR)/mm.app/mm";
			};
			name = Debug;
		};
		D7392F47282AA23700E5B148 /* Release */ = {
			isa = XCBuildConfiguration;
			baseConfigurationReference = DE5775028F79AE659089C523 /* Pods-mmTests.release.xcconfig */;
			buildSettings = {
				ALWAYS_EMBED_SWIFT_STANDARD_LIBRARIES = YES;
				BUNDLE_LOADER = "$(TEST_HOST)";
				CODE_SIGN_STYLE = Automatic;
				CURRENT_PROJECT_VERSION = 1;
				DEVELOPMENT_TEAM = UA62U3JARN;
				GENERATE_INFOPLIST_FILE = YES;
				IPHONEOS_DEPLOYMENT_TARGET = 15.0;
				LD_RUNPATH_SEARCH_PATHS = (
					"$(inherited)",
					"@executable_path/Frameworks",
					"@loader_path/Frameworks",
				);
				MARKETING_VERSION = 1.0;
				PRODUCT_BUNDLE_IDENTIFIER = com.zyn.mmTests;
				PRODUCT_NAME = "$(TARGET_NAME)";
				SWIFT_EMIT_LOC_STRINGS = NO;
				TARGETED_DEVICE_FAMILY = "1,2";
				TEST_HOST = "$(BUILT_PRODUCTS_DIR)/mm.app/mm";
			};
			name = Release;
		};
		D7392F49282AA23700E5B148 /* Debug */ = {
			isa = XCBuildConfiguration;
			baseConfigurationReference = C85EB61A8855FF8C9241D1A5 /* Pods-mm-mmUITests.debug.xcconfig */;
			buildSettings = {
				ALWAYS_EMBED_SWIFT_STANDARD_LIBRARIES = YES;
				CODE_SIGN_STYLE = Automatic;
				CURRENT_PROJECT_VERSION = 1;
				DEVELOPMENT_TEAM = UA62U3JARN;
				GENERATE_INFOPLIST_FILE = YES;
				LD_RUNPATH_SEARCH_PATHS = (
					"$(inherited)",
					"@executable_path/Frameworks",
					"@loader_path/Frameworks",
				);
				MARKETING_VERSION = 1.0;
				PRODUCT_BUNDLE_IDENTIFIER = com.zyn.mmUITests;
				PRODUCT_NAME = "$(TARGET_NAME)";
				SWIFT_EMIT_LOC_STRINGS = NO;
				TARGETED_DEVICE_FAMILY = "1,2";
				TEST_TARGET_NAME = mm;
			};
			name = Debug;
		};
		D7392F4A282AA23700E5B148 /* Release */ = {
			isa = XCBuildConfiguration;
			baseConfigurationReference = 1BBB91AEEB0251F707A52BA5 /* Pods-mm-mmUITests.release.xcconfig */;
			buildSettings = {
				ALWAYS_EMBED_SWIFT_STANDARD_LIBRARIES = YES;
				CODE_SIGN_STYLE = Automatic;
				CURRENT_PROJECT_VERSION = 1;
				DEVELOPMENT_TEAM = UA62U3JARN;
				GENERATE_INFOPLIST_FILE = YES;
				LD_RUNPATH_SEARCH_PATHS = (
					"$(inherited)",
					"@executable_path/Frameworks",
					"@loader_path/Frameworks",
				);
				MARKETING_VERSION = 1.0;
				PRODUCT_BUNDLE_IDENTIFIER = com.zyn.mmUITests;
				PRODUCT_NAME = "$(TARGET_NAME)";
				SWIFT_EMIT_LOC_STRINGS = NO;
				TARGETED_DEVICE_FAMILY = "1,2";
				TEST_TARGET_NAME = mm;
			};
			name = Release;
		};
/* End XCBuildConfiguration section */

/* Begin XCConfigurationList section */
		D7392F0E282AA23200E5B148 /* Build configuration list for PBXProject "mm" */ = {
			isa = XCConfigurationList;
			buildConfigurations = (
				D7392F40282AA23700E5B148 /* Debug */,
				D7392F41282AA23700E5B148 /* Release */,
			);
			defaultConfigurationIsVisible = 0;
			defaultConfigurationName = Release;
		};
		D7392F42282AA23700E5B148 /* Build configuration list for PBXNativeTarget "mm" */ = {
			isa = XCConfigurationList;
			buildConfigurations = (
				D7392F43282AA23700E5B148 /* Debug */,
				D7392F44282AA23700E5B148 /* Release */,
			);
			defaultConfigurationIsVisible = 0;
			defaultConfigurationName = Release;
		};
		D7392F45282AA23700E5B148 /* Build configuration list for PBXNativeTarget "mmTests" */ = {
			isa = XCConfigurationList;
			buildConfigurations = (
				D7392F46282AA23700E5B148 /* Debug */,
				D7392F47282AA23700E5B148 /* Release */,
			);
			defaultConfigurationIsVisible = 0;
			defaultConfigurationName = Release;
		};
		D7392F48282AA23700E5B148 /* Build configuration list for PBXNativeTarget "mmUITests" */ = {
			isa = XCConfigurationList;
			buildConfigurations = (
				D7392F49282AA23700E5B148 /* Debug */,
				D7392F4A282AA23700E5B148 /* Release */,
			);
			defaultConfigurationIsVisible = 0;
			defaultConfigurationName = Release;
		};
/* End XCConfigurationList section */
	};
	rootObject = D7392F0B282AA23200E5B148 /* Project object */;
}
